
Microsoft Visual Studio Solution File, Format Version 12.00
# Visual Studio Version 17
VisualStudioVersion = 17.7.34202.233
MinimumVisualStudioVersion = 10.0.40219.1
Project("{2150E333-8FDC-42A3-9474-1A3956D46DE8}") = "05-IFCicli", "05-IFCicli", "{D209DA74-A61A-482B-8B5A-53ECAC6BF771}"
EndProject
Project("{2150E333-8FDC-42A3-9474-1A3956D46DE8}") = "06-Funzioni-FunzRic-Header", "06-Funzioni-FunzRic-Header", "{830103AE-9AE4-4D0C-9141-C4574781DFE6}"
EndProject
Project("{2150E333-8FDC-42A3-9474-1A3956D46DE8}") = "04b-Espressioni", "04b-Espressioni", "{21B19208-972D-45A4-B8E9-F827A367E812}"
EndProject
Project("{8BC9CEB8-8B4A-11D0-8D11-00A0C91BC942}") = "01_user_input_and_print", "04b-Espressioni\01_user_input_and_print\01_user_input_and_print.vcxproj", "{F73975DA-0863-4EC7-8FBC-90FB76DE70A0}"
EndProject
Project("{8BC9CEB8-8B4A-11D0-8D11-00A0C91BC942}") = "02_echo_di_caratteri", "04b-Espressioni\02_echo_di_caratteri\02_echo_di_caratteri.vcxproj", "{4C66204F-FFA7-446E-947F-2174E29354DF}"
EndProject
Project("{8BC9CEB8-8B4A-11D0-8D11-00A0C91BC942}") = "03_somma_e_media", "04b-Espressioni\03_somma_e_media\03_somma_e_media.vcxproj", "{4E7956E9-0C08-43CA-B17A-3CDCAE7347A3}"
EndProject
Project("{8BC9CEB8-8B4A-11D0-8D11-00A0C91BC942}") = "04_max_2_numeri", "04b-Espressioni\04_max_2_numeri\04_max_2_numeri.vcxproj", "{CEC64D97-A7FD-4A2B-929E-EDEA79C287C7}"
EndProject
Project("{8BC9CEB8-8B4A-11D0-8D11-00A0C91BC942}") = "05_valore_assoluto", "04b-Espressioni\05_valore_assoluto\05_valore_assoluto.vcxproj", "{DF089BDE-16CE-4DCB-AB5F-BFF195AD19FD}"
EndProject
Project("{8BC9CEB8-8B4A-11D0-8D11-00A0C91BC942}") = "06_caratteri_in_ordine_alfabetico", "04b-Espressioni\06_caratteri_in_ordine_alfabetico\06_caratteri_in_ordine_alfabetico.vcxproj", "{89718C80-19B8-48EF-BDF6-D9879A3A27AF}"
EndProject
Project("{8BC9CEB8-8B4A-11D0-8D11-00A0C91BC942}") = "01_quiz", "05-IFCicli\01_quiz\01_quiz.vcxproj", "{63705465-E7F4-4232-9892-309A9EEC531B}"
EndProject
Project("{8BC9CEB8-8B4A-11D0-8D11-00A0C91BC942}") = "02_sconto_al_supermercato", "05-IFCicli\02_sconto_al_supermercato\02_sconto_al_supermercato.vcxproj", "{E9F7EA8D-7185-401F-B0A0-133E53E1C93D}"
EndProject
Project("{8BC9CEB8-8B4A-11D0-8D11-00A0C91BC942}") = "03_caratteri_in_ordine_IF", "05-IFCicli\03_caratteri_in_ordine_IF\03_caratteri_in_ordine_IF.vcxproj", "{AD4C0868-EC45-45BF-B983-D8CEE9361ACD}"
EndProject
Project("{8BC9CEB8-8B4A-11D0-8D11-00A0C91BC942}") = "04_voti_olimpiadi", "05-IFCicli\04_voti_olimpiadi\04_voti_olimpiadi.vcxproj", "{DB7690B6-ADE8-4428-A40D-474DCB51BE08}"
EndProject
Project("{8BC9CEB8-8B4A-11D0-8D11-00A0C91BC942}") = "05_da_voto_a_valutazione", "05-IFCicli\05_da_voto_a_valutazione\05_da_voto_a_valutazione.vcxproj", "{4408DB5C-6412-426C-84F6-6C3DBB13462B}"
EndProject
Project("{8BC9CEB8-8B4A-11D0-8D11-00A0C91BC942}") = "06_operazioni_aritmetiche", "05-IFCicli\06_operazioni_aritmetiche\06_operazioni_aritmetiche.vcxproj", "{323B6BF2-CCF7-474F-9D93-1465081AD503}"
EndProject
Project("{8BC9CEB8-8B4A-11D0-8D11-00A0C91BC942}") = "07_sommatoria_potenza", "05-IFCicli\07_sommatoria_potenza\07_sommatoria_potenza.vcxproj", "{C2570BFB-7DF9-4A76-8DA3-AAB59EAA72BC}"
EndProject
Project("{8BC9CEB8-8B4A-11D0-8D11-00A0C91BC942}") = "08_es_diap_24", "05-IFCicli\08_es_diap_24\08_es_diap_24.vcxproj", "{8767EA49-E8A9-490C-B7F8-359ECC68F8E8}"
EndProject
Project("{8BC9CEB8-8B4A-11D0-8D11-00A0C91BC942}") = "01_es_diap_3", "06-Funzioni-FunzRic-Header\01_es_diap_3\01_es_diap_3.vcxproj", "{96EFDDDA-74A3-4EA3-A6BD-60145AF55B23}"
EndProject
Project("{8BC9CEB8-8B4A-11D0-8D11-00A0C91BC942}") = "template", "template\template.vcxproj", "{9D799488-86A6-4263-A20D-1576F7D86762}"
EndProject
Project("{8BC9CEB8-8B4A-11D0-8D11-00A0C91BC942}") = "02_es_diap_4", "06-Funzioni-FunzRic-Header\02_es_diap_4\02_es_diap_4.vcxproj", "{F88A7317-A6B3-4553-BC70-E94FC440D513}"
EndProject
Project("{8BC9CEB8-8B4A-11D0-8D11-00A0C91BC942}") = "03_es_diap_5", "06-Funzioni-FunzRic-Header\03_es_diap_5\03_es_diap_5.vcxproj", "{222BC268-5EF7-4E2B-BDA4-7C2359D5A2C7}"
EndProject
Project("{8BC9CEB8-8B4A-11D0-8D11-00A0C91BC942}") = "04_square_and_cube", "06-Funzioni-FunzRic-Header\04_square_and_cube\04_square_and_cube.vcxproj", "{C62271F0-E1DF-4477-B04A-3ED2FBD91F4F}"
EndProject
Project("{8BC9CEB8-8B4A-11D0-8D11-00A0C91BC942}") = "05_es_triangolo", "06-Funzioni-FunzRic-Header\05_es_triangolo\05_es_triangolo.vcxproj", "{4F9C71DE-A86D-41B1-8F45-19E65FF06582}"
EndProject
Project("{8BC9CEB8-8B4A-11D0-8D11-00A0C91BC942}") = "06_numero_primo", "06-Funzioni-FunzRic-Header\06_numero_primo\06_numero_primo.vcxproj", "{97B0D4C4-4E75-4763-B8DB-570AFD77B1BF}"
EndProject
Project("{8BC9CEB8-8B4A-11D0-8D11-00A0C91BC942}") = "07_terne_pitagoriche", "06-Funzioni-FunzRic-Header\07_terne_pitagoriche\07_terne_pitagoriche.vcxproj", "{308053D6-A800-4524-8264-7D18D138FCE0}"
EndProject
Project("{8BC9CEB8-8B4A-11D0-8D11-00A0C91BC942}") = "08_somma_funz_ric", "06-Funzioni-FunzRic-Header\08_somma_funz_ric\08_somma_funz_ric.vcxproj", "{0A5DDA11-D1AA-44ED-BBD3-93A854AB245E}"
EndProject
Project("{8BC9CEB8-8B4A-11D0-8D11-00A0C91BC942}") = "09_sommatoria_funzione_2_modi", "06-Funzioni-FunzRic-Header\09_sommatoria_funzione_2_modi\09_sommatoria_funzione_2_modi.vcxproj", "{82FFCB8E-9457-4E8C-BC84-23A91B449C6E}"
EndProject
Project("{8BC9CEB8-8B4A-11D0-8D11-00A0C91BC942}") = "10_inversione_cifre", "06-Funzioni-FunzRic-Header\10_inversione_cifre\10_inversione_cifre.vcxproj", "{7D502F1B-8D3C-47AF-8BEC-252AF09DF175}"
EndProject
Project("{8BC9CEB8-8B4A-11D0-8D11-00A0C91BC942}") = "11_inversione_caratteri", "06-Funzioni-FunzRic-Header\11_inversione_caratteri\11_inversione_caratteri.vcxproj", "{D10B75AE-0E39-4E1B-8E13-9BE5D5594421}"
EndProject
Project("{8BC9CEB8-8B4A-11D0-8D11-00A0C91BC942}") = "12_calcolo_MCD", "06-Funzioni-FunzRic-Header\12_calcolo_MCD\12_calcolo_MCD.vcxproj", "{C026189B-1AC7-4701-92FB-400F3FC11F32}"
EndProject
Project("{8BC9CEB8-8B4A-11D0-8D11-00A0C91BC942}") = "13_calcolo_minimo_massimo", "06-Funzioni-FunzRic-Header\13_calcolo_minimo_massimo\13_calcolo_minimo_massimo.vcxproj", "{EACD32D5-AF74-4462-AA7C-D1BCF5D67F44}"
EndProject
Project("{8BC9CEB8-8B4A-11D0-8D11-00A0C91BC942}") = "14_mcm", "06-Funzioni-FunzRic-Header\14_mcm\14_mcm.vcxproj", "{6D0331BF-E263-49B2-BEDB-B9828727B510}"
EndProject
Project("{2150E333-8FDC-42A3-9474-1A3956D46DE8}") = "Solution Items", "Solution Items", "{A4245003-5C3B-41AA-87A1-8FE8CBEEF1D5}"
	ProjectSection(SolutionItems) = preProject
		myLib.c = myLib.c
		myLib.h = myLib.h
	EndProjectSection
EndProject
Project("{8BC9CEB8-8B4A-11D0-8D11-00A0C91BC942}") = "15_triangolo_di_tartaglia", "06-Funzioni-FunzRic-Header\15_triangolo_di_tartaglia\15_triangolo_di_tartaglia.vcxproj", "{776D8358-6217-4CEF-8D58-3726A5C77115}"
EndProject
Project("{8BC9CEB8-8B4A-11D0-8D11-00A0C91BC942}") = "prova", "prova\prova.vcxproj", "{28EAA81C-A3F0-4D7B-9F52-8901B1CE30B5}"
EndProject
Project("{8BC9CEB8-8B4A-11D0-8D11-00A0C91BC942}") = "01_numero_palindromo", "00_esercizi_miei\01_numero_palindromo\01_numero_palindromo.vcxproj", "{D6B0B87F-2BA6-45B7-B0B6-0B9EF4101C25}"
EndProject
Project("{2150E333-8FDC-42A3-9474-1A3956D46DE8}") = "00_esercizi_miei", "00_esercizi_miei", "{235CBAB8-65A3-4330-A8AC-4A439089F9B2}"
EndProject
Project("{2150E333-8FDC-42A3-9474-1A3956D46DE8}") = "07-FunzParamRiferimento-TrattamentoErrori", "07-FunzParamRiferimento-TrattamentoErrori", "{F83C269D-A279-431E-A21C-41134315C23D}"
EndProject
Project("{8BC9CEB8-8B4A-11D0-8D11-00A0C91BC942}") = "01_numeri_complessi", "07-FunzParamRiferimento-TrattamentoErrori\01_numeri_complessi\01_numeri_complessi.vcxproj", "{25CFC575-75B6-4E1C-BCB7-38EE2E58E08E}"
EndProject
Project("{8BC9CEB8-8B4A-11D0-8D11-00A0C91BC942}") = "02_somma_due_numeri_complessi", "07-FunzParamRiferimento-TrattamentoErrori\02_somma_due_numeri_complessi\02_somma_due_numeri_complessi.vcxproj", "{D8F713BA-8982-40CA-A440-1D58A20ADDD1}"
EndProject
Project("{8BC9CEB8-8B4A-11D0-8D11-00A0C91BC942}") = "03_tempi_f1", "07-FunzParamRiferimento-TrattamentoErrori\03_tempi_f1\03_tempi_f1.vcxproj", "{01DAB2BE-1564-4A97-8B3D-52A173236FD8}"
EndProject
Project("{8BC9CEB8-8B4A-11D0-8D11-00A0C91BC942}") = "04_somma_due_durate", "07-FunzParamRiferimento-TrattamentoErrori\04_somma_due_durate\04_somma_due_durate.vcxproj", "{9739C7F2-A9EB-48D4-A141-E966A6FF624D}"
EndProject
Project("{8BC9CEB8-8B4A-11D0-8D11-00A0C91BC942}") = "05_area_e_perimetro_triangolo", "07-FunzParamRiferimento-TrattamentoErrori\05_area_e_perimetro_triangolo\05_area_e_perimetro_triangolo.vcxproj", "{6D9759C4-8E36-4F1C-860A-3E8F05E3D99D}"
EndProject
Project("{8BC9CEB8-8B4A-11D0-8D11-00A0C91BC942}") = "10_da_intero_a_binario", "07-FunzParamRiferimento-TrattamentoErrori\10_da_intero_a_binario\10_da_intero_a_binario.vcxproj", "{E81C8EEB-0B00-4588-A72A-98AF4AF3D99B}"
EndProject
Project("{8BC9CEB8-8B4A-11D0-8D11-00A0C91BC942}") = "11_equazioni_secondo_grado", "07-FunzParamRiferimento-TrattamentoErrori\11_equazioni_secondo_grado\11_equazioni_secondo_grado.vcxproj", "{B5B9E82B-F9B8-4CB0-950D-57786D7EB4D1}"
EndProject
Project("{8BC9CEB8-8B4A-11D0-8D11-00A0C91BC942}") = "06_integrale_metodo_rettangoli", "07-FunzParamRiferimento-TrattamentoErrori\06_integrale_metodo_rettangoli\06_integrale_metodo_rettangoli.vcxproj", "{1FAB95E0-C2B3-404F-AAE6-493FD29895C1}"
EndProject
Project("{8BC9CEB8-8B4A-11D0-8D11-00A0C91BC942}") = "07_integrale_metodo_trapezi", "07-FunzParamRiferimento-TrattamentoErrori\07_integrale_metodo_trapezi\07_integrale_metodo_trapezi.vcxproj", "{D9D0404A-A529-4BF2-8EA8-B96D19134443}"
EndProject
Project("{8BC9CEB8-8B4A-11D0-8D11-00A0C91BC942}") = "08_calcolo_media", "07-FunzParamRiferimento-TrattamentoErrori\08_calcolo_media\08_calcolo_media.vcxproj", "{2870E6A2-2463-453E-B490-A1D0061E2001}"
EndProject
Global
	GlobalSection(SolutionConfigurationPlatforms) = preSolution
		Debug|x64 = Debug|x64
		Debug|x86 = Debug|x86
		Release|x64 = Release|x64
		Release|x86 = Release|x86
	EndGlobalSection
	GlobalSection(ProjectConfigurationPlatforms) = postSolution
		{F73975DA-0863-4EC7-8FBC-90FB76DE70A0}.Debug|x64.ActiveCfg = Debug|x64
		{F73975DA-0863-4EC7-8FBC-90FB76DE70A0}.Debug|x64.Build.0 = Debug|x64
		{F73975DA-0863-4EC7-8FBC-90FB76DE70A0}.Debug|x86.ActiveCfg = Debug|Win32
		{F73975DA-0863-4EC7-8FBC-90FB76DE70A0}.Debug|x86.Build.0 = Debug|Win32
		{F73975DA-0863-4EC7-8FBC-90FB76DE70A0}.Release|x64.ActiveCfg = Release|x64
		{F73975DA-0863-4EC7-8FBC-90FB76DE70A0}.Release|x64.Build.0 = Release|x64
		{F73975DA-0863-4EC7-8FBC-90FB76DE70A0}.Release|x86.ActiveCfg = Release|Win32
		{F73975DA-0863-4EC7-8FBC-90FB76DE70A0}.Release|x86.Build.0 = Release|Win32
		{4C66204F-FFA7-446E-947F-2174E29354DF}.Debug|x64.ActiveCfg = Debug|x64
		{4C66204F-FFA7-446E-947F-2174E29354DF}.Debug|x64.Build.0 = Debug|x64
		{4C66204F-FFA7-446E-947F-2174E29354DF}.Debug|x86.ActiveCfg = Debug|Win32
		{4C66204F-FFA7-446E-947F-2174E29354DF}.Debug|x86.Build.0 = Debug|Win32
		{4C66204F-FFA7-446E-947F-2174E29354DF}.Release|x64.ActiveCfg = Release|x64
		{4C66204F-FFA7-446E-947F-2174E29354DF}.Release|x64.Build.0 = Release|x64
		{4C66204F-FFA7-446E-947F-2174E29354DF}.Release|x86.ActiveCfg = Release|Win32
		{4C66204F-FFA7-446E-947F-2174E29354DF}.Release|x86.Build.0 = Release|Win32
		{4E7956E9-0C08-43CA-B17A-3CDCAE7347A3}.Debug|x64.ActiveCfg = Debug|x64
		{4E7956E9-0C08-43CA-B17A-3CDCAE7347A3}.Debug|x64.Build.0 = Debug|x64
		{4E7956E9-0C08-43CA-B17A-3CDCAE7347A3}.Debug|x86.ActiveCfg = Debug|Win32
		{4E7956E9-0C08-43CA-B17A-3CDCAE7347A3}.Debug|x86.Build.0 = Debug|Win32
		{4E7956E9-0C08-43CA-B17A-3CDCAE7347A3}.Release|x64.ActiveCfg = Release|x64
		{4E7956E9-0C08-43CA-B17A-3CDCAE7347A3}.Release|x64.Build.0 = Release|x64
		{4E7956E9-0C08-43CA-B17A-3CDCAE7347A3}.Release|x86.ActiveCfg = Release|Win32
		{4E7956E9-0C08-43CA-B17A-3CDCAE7347A3}.Release|x86.Build.0 = Release|Win32
		{CEC64D97-A7FD-4A2B-929E-EDEA79C287C7}.Debug|x64.ActiveCfg = Debug|x64
		{CEC64D97-A7FD-4A2B-929E-EDEA79C287C7}.Debug|x64.Build.0 = Debug|x64
		{CEC64D97-A7FD-4A2B-929E-EDEA79C287C7}.Debug|x86.ActiveCfg = Debug|Win32
		{CEC64D97-A7FD-4A2B-929E-EDEA79C287C7}.Debug|x86.Build.0 = Debug|Win32
		{CEC64D97-A7FD-4A2B-929E-EDEA79C287C7}.Release|x64.ActiveCfg = Release|x64
		{CEC64D97-A7FD-4A2B-929E-EDEA79C287C7}.Release|x64.Build.0 = Release|x64
		{CEC64D97-A7FD-4A2B-929E-EDEA79C287C7}.Release|x86.ActiveCfg = Release|Win32
		{CEC64D97-A7FD-4A2B-929E-EDEA79C287C7}.Release|x86.Build.0 = Release|Win32
		{DF089BDE-16CE-4DCB-AB5F-BFF195AD19FD}.Debug|x64.ActiveCfg = Debug|x64
		{DF089BDE-16CE-4DCB-AB5F-BFF195AD19FD}.Debug|x64.Build.0 = Debug|x64
		{DF089BDE-16CE-4DCB-AB5F-BFF195AD19FD}.Debug|x86.ActiveCfg = Debug|Win32
		{DF089BDE-16CE-4DCB-AB5F-BFF195AD19FD}.Debug|x86.Build.0 = Debug|Win32
		{DF089BDE-16CE-4DCB-AB5F-BFF195AD19FD}.Release|x64.ActiveCfg = Release|x64
		{DF089BDE-16CE-4DCB-AB5F-BFF195AD19FD}.Release|x64.Build.0 = Release|x64
		{DF089BDE-16CE-4DCB-AB5F-BFF195AD19FD}.Release|x86.ActiveCfg = Release|Win32
		{DF089BDE-16CE-4DCB-AB5F-BFF195AD19FD}.Release|x86.Build.0 = Release|Win32
		{89718C80-19B8-48EF-BDF6-D9879A3A27AF}.Debug|x64.ActiveCfg = Debug|x64
		{89718C80-19B8-48EF-BDF6-D9879A3A27AF}.Debug|x64.Build.0 = Debug|x64
		{89718C80-19B8-48EF-BDF6-D9879A3A27AF}.Debug|x86.ActiveCfg = Debug|Win32
		{89718C80-19B8-48EF-BDF6-D9879A3A27AF}.Debug|x86.Build.0 = Debug|Win32
		{89718C80-19B8-48EF-BDF6-D9879A3A27AF}.Release|x64.ActiveCfg = Release|x64
		{89718C80-19B8-48EF-BDF6-D9879A3A27AF}.Release|x64.Build.0 = Release|x64
		{89718C80-19B8-48EF-BDF6-D9879A3A27AF}.Release|x86.ActiveCfg = Release|Win32
		{89718C80-19B8-48EF-BDF6-D9879A3A27AF}.Release|x86.Build.0 = Release|Win32
		{63705465-E7F4-4232-9892-309A9EEC531B}.Debug|x64.ActiveCfg = Debug|x64
		{63705465-E7F4-4232-9892-309A9EEC531B}.Debug|x64.Build.0 = Debug|x64
		{63705465-E7F4-4232-9892-309A9EEC531B}.Debug|x86.ActiveCfg = Debug|Win32
		{63705465-E7F4-4232-9892-309A9EEC531B}.Debug|x86.Build.0 = Debug|Win32
		{63705465-E7F4-4232-9892-309A9EEC531B}.Release|x64.ActiveCfg = Release|x64
		{63705465-E7F4-4232-9892-309A9EEC531B}.Release|x64.Build.0 = Release|x64
		{63705465-E7F4-4232-9892-309A9EEC531B}.Release|x86.ActiveCfg = Release|Win32
		{63705465-E7F4-4232-9892-309A9EEC531B}.Release|x86.Build.0 = Release|Win32
		{E9F7EA8D-7185-401F-B0A0-133E53E1C93D}.Debug|x64.ActiveCfg = Debug|x64
		{E9F7EA8D-7185-401F-B0A0-133E53E1C93D}.Debug|x64.Build.0 = Debug|x64
		{E9F7EA8D-7185-401F-B0A0-133E53E1C93D}.Debug|x86.ActiveCfg = Debug|Win32
		{E9F7EA8D-7185-401F-B0A0-133E53E1C93D}.Debug|x86.Build.0 = Debug|Win32
		{E9F7EA8D-7185-401F-B0A0-133E53E1C93D}.Release|x64.ActiveCfg = Release|x64
		{E9F7EA8D-7185-401F-B0A0-133E53E1C93D}.Release|x64.Build.0 = Release|x64
		{E9F7EA8D-7185-401F-B0A0-133E53E1C93D}.Release|x86.ActiveCfg = Release|Win32
		{E9F7EA8D-7185-401F-B0A0-133E53E1C93D}.Release|x86.Build.0 = Release|Win32
		{AD4C0868-EC45-45BF-B983-D8CEE9361ACD}.Debug|x64.ActiveCfg = Debug|x64
		{AD4C0868-EC45-45BF-B983-D8CEE9361ACD}.Debug|x64.Build.0 = Debug|x64
		{AD4C0868-EC45-45BF-B983-D8CEE9361ACD}.Debug|x86.ActiveCfg = Debug|Win32
		{AD4C0868-EC45-45BF-B983-D8CEE9361ACD}.Debug|x86.Build.0 = Debug|Win32
		{AD4C0868-EC45-45BF-B983-D8CEE9361ACD}.Release|x64.ActiveCfg = Release|x64
		{AD4C0868-EC45-45BF-B983-D8CEE9361ACD}.Release|x64.Build.0 = Release|x64
		{AD4C0868-EC45-45BF-B983-D8CEE9361ACD}.Release|x86.ActiveCfg = Release|Win32
		{AD4C0868-EC45-45BF-B983-D8CEE9361ACD}.Release|x86.Build.0 = Release|Win32
		{DB7690B6-ADE8-4428-A40D-474DCB51BE08}.Debug|x64.ActiveCfg = Debug|x64
		{DB7690B6-ADE8-4428-A40D-474DCB51BE08}.Debug|x64.Build.0 = Debug|x64
		{DB7690B6-ADE8-4428-A40D-474DCB51BE08}.Debug|x86.ActiveCfg = Debug|Win32
		{DB7690B6-ADE8-4428-A40D-474DCB51BE08}.Debug|x86.Build.0 = Debug|Win32
		{DB7690B6-ADE8-4428-A40D-474DCB51BE08}.Release|x64.ActiveCfg = Release|x64
		{DB7690B6-ADE8-4428-A40D-474DCB51BE08}.Release|x64.Build.0 = Release|x64
		{DB7690B6-ADE8-4428-A40D-474DCB51BE08}.Release|x86.ActiveCfg = Release|Win32
		{DB7690B6-ADE8-4428-A40D-474DCB51BE08}.Release|x86.Build.0 = Release|Win32
		{4408DB5C-6412-426C-84F6-6C3DBB13462B}.Debug|x64.ActiveCfg = Debug|x64
		{4408DB5C-6412-426C-84F6-6C3DBB13462B}.Debug|x64.Build.0 = Debug|x64
		{4408DB5C-6412-426C-84F6-6C3DBB13462B}.Debug|x86.ActiveCfg = Debug|Win32
		{4408DB5C-6412-426C-84F6-6C3DBB13462B}.Debug|x86.Build.0 = Debug|Win32
		{4408DB5C-6412-426C-84F6-6C3DBB13462B}.Release|x64.ActiveCfg = Release|x64
		{4408DB5C-6412-426C-84F6-6C3DBB13462B}.Release|x64.Build.0 = Release|x64
		{4408DB5C-6412-426C-84F6-6C3DBB13462B}.Release|x86.ActiveCfg = Release|Win32
		{4408DB5C-6412-426C-84F6-6C3DBB13462B}.Release|x86.Build.0 = Release|Win32
		{323B6BF2-CCF7-474F-9D93-1465081AD503}.Debug|x64.ActiveCfg = Debug|x64
		{323B6BF2-CCF7-474F-9D93-1465081AD503}.Debug|x64.Build.0 = Debug|x64
		{323B6BF2-CCF7-474F-9D93-1465081AD503}.Debug|x86.ActiveCfg = Debug|Win32
		{323B6BF2-CCF7-474F-9D93-1465081AD503}.Debug|x86.Build.0 = Debug|Win32
		{323B6BF2-CCF7-474F-9D93-1465081AD503}.Release|x64.ActiveCfg = Release|x64
		{323B6BF2-CCF7-474F-9D93-1465081AD503}.Release|x64.Build.0 = Release|x64
		{323B6BF2-CCF7-474F-9D93-1465081AD503}.Release|x86.ActiveCfg = Release|Win32
		{323B6BF2-CCF7-474F-9D93-1465081AD503}.Release|x86.Build.0 = Release|Win32
		{C2570BFB-7DF9-4A76-8DA3-AAB59EAA72BC}.Debug|x64.ActiveCfg = Debug|x64
		{C2570BFB-7DF9-4A76-8DA3-AAB59EAA72BC}.Debug|x64.Build.0 = Debug|x64
		{C2570BFB-7DF9-4A76-8DA3-AAB59EAA72BC}.Debug|x86.ActiveCfg = Debug|Win32
		{C2570BFB-7DF9-4A76-8DA3-AAB59EAA72BC}.Debug|x86.Build.0 = Debug|Win32
		{C2570BFB-7DF9-4A76-8DA3-AAB59EAA72BC}.Release|x64.ActiveCfg = Release|x64
		{C2570BFB-7DF9-4A76-8DA3-AAB59EAA72BC}.Release|x64.Build.0 = Release|x64
		{C2570BFB-7DF9-4A76-8DA3-AAB59EAA72BC}.Release|x86.ActiveCfg = Release|Win32
		{C2570BFB-7DF9-4A76-8DA3-AAB59EAA72BC}.Release|x86.Build.0 = Release|Win32
		{8767EA49-E8A9-490C-B7F8-359ECC68F8E8}.Debug|x64.ActiveCfg = Debug|x64
		{8767EA49-E8A9-490C-B7F8-359ECC68F8E8}.Debug|x64.Build.0 = Debug|x64
		{8767EA49-E8A9-490C-B7F8-359ECC68F8E8}.Debug|x86.ActiveCfg = Debug|Win32
		{8767EA49-E8A9-490C-B7F8-359ECC68F8E8}.Debug|x86.Build.0 = Debug|Win32
		{8767EA49-E8A9-490C-B7F8-359ECC68F8E8}.Release|x64.ActiveCfg = Release|x64
		{8767EA49-E8A9-490C-B7F8-359ECC68F8E8}.Release|x64.Build.0 = Release|x64
		{8767EA49-E8A9-490C-B7F8-359ECC68F8E8}.Release|x86.ActiveCfg = Release|Win32
		{8767EA49-E8A9-490C-B7F8-359ECC68F8E8}.Release|x86.Build.0 = Release|Win32
		{96EFDDDA-74A3-4EA3-A6BD-60145AF55B23}.Debug|x64.ActiveCfg = Debug|x64
		{96EFDDDA-74A3-4EA3-A6BD-60145AF55B23}.Debug|x64.Build.0 = Debug|x64
		{96EFDDDA-74A3-4EA3-A6BD-60145AF55B23}.Debug|x86.ActiveCfg = Debug|Win32
		{96EFDDDA-74A3-4EA3-A6BD-60145AF55B23}.Debug|x86.Build.0 = Debug|Win32
		{96EFDDDA-74A3-4EA3-A6BD-60145AF55B23}.Release|x64.ActiveCfg = Release|x64
		{96EFDDDA-74A3-4EA3-A6BD-60145AF55B23}.Release|x64.Build.0 = Release|x64
		{96EFDDDA-74A3-4EA3-A6BD-60145AF55B23}.Release|x86.ActiveCfg = Release|Win32
		{96EFDDDA-74A3-4EA3-A6BD-60145AF55B23}.Release|x86.Build.0 = Release|Win32
		{9D799488-86A6-4263-A20D-1576F7D86762}.Debug|x64.ActiveCfg = Debug|x64
		{9D799488-86A6-4263-A20D-1576F7D86762}.Debug|x64.Build.0 = Debug|x64
		{9D799488-86A6-4263-A20D-1576F7D86762}.Debug|x86.ActiveCfg = Debug|Win32
		{9D799488-86A6-4263-A20D-1576F7D86762}.Debug|x86.Build.0 = Debug|Win32
		{9D799488-86A6-4263-A20D-1576F7D86762}.Release|x64.ActiveCfg = Release|x64
		{9D799488-86A6-4263-A20D-1576F7D86762}.Release|x64.Build.0 = Release|x64
		{9D799488-86A6-4263-A20D-1576F7D86762}.Release|x86.ActiveCfg = Release|Win32
		{9D799488-86A6-4263-A20D-1576F7D86762}.Release|x86.Build.0 = Release|Win32
		{F88A7317-A6B3-4553-BC70-E94FC440D513}.Debug|x64.ActiveCfg = Debug|x64
		{F88A7317-A6B3-4553-BC70-E94FC440D513}.Debug|x64.Build.0 = Debug|x64
		{F88A7317-A6B3-4553-BC70-E94FC440D513}.Debug|x86.ActiveCfg = Debug|Win32
		{F88A7317-A6B3-4553-BC70-E94FC440D513}.Debug|x86.Build.0 = Debug|Win32
		{F88A7317-A6B3-4553-BC70-E94FC440D513}.Release|x64.ActiveCfg = Release|x64
		{F88A7317-A6B3-4553-BC70-E94FC440D513}.Release|x64.Build.0 = Release|x64
		{F88A7317-A6B3-4553-BC70-E94FC440D513}.Release|x86.ActiveCfg = Release|Win32
		{F88A7317-A6B3-4553-BC70-E94FC440D513}.Release|x86.Build.0 = Release|Win32
		{222BC268-5EF7-4E2B-BDA4-7C2359D5A2C7}.Debug|x64.ActiveCfg = Debug|x64
		{222BC268-5EF7-4E2B-BDA4-7C2359D5A2C7}.Debug|x64.Build.0 = Debug|x64
		{222BC268-5EF7-4E2B-BDA4-7C2359D5A2C7}.Debug|x86.ActiveCfg = Debug|Win32
		{222BC268-5EF7-4E2B-BDA4-7C2359D5A2C7}.Debug|x86.Build.0 = Debug|Win32
		{222BC268-5EF7-4E2B-BDA4-7C2359D5A2C7}.Release|x64.ActiveCfg = Release|x64
		{222BC268-5EF7-4E2B-BDA4-7C2359D5A2C7}.Release|x64.Build.0 = Release|x64
		{222BC268-5EF7-4E2B-BDA4-7C2359D5A2C7}.Release|x86.ActiveCfg = Release|Win32
		{222BC268-5EF7-4E2B-BDA4-7C2359D5A2C7}.Release|x86.Build.0 = Release|Win32
		{C62271F0-E1DF-4477-B04A-3ED2FBD91F4F}.Debug|x64.ActiveCfg = Debug|x64
		{C62271F0-E1DF-4477-B04A-3ED2FBD91F4F}.Debug|x64.Build.0 = Debug|x64
		{C62271F0-E1DF-4477-B04A-3ED2FBD91F4F}.Debug|x86.ActiveCfg = Debug|Win32
		{C62271F0-E1DF-4477-B04A-3ED2FBD91F4F}.Debug|x86.Build.0 = Debug|Win32
		{C62271F0-E1DF-4477-B04A-3ED2FBD91F4F}.Release|x64.ActiveCfg = Release|x64
		{C62271F0-E1DF-4477-B04A-3ED2FBD91F4F}.Release|x64.Build.0 = Release|x64
		{C62271F0-E1DF-4477-B04A-3ED2FBD91F4F}.Release|x86.ActiveCfg = Release|Win32
		{C62271F0-E1DF-4477-B04A-3ED2FBD91F4F}.Release|x86.Build.0 = Release|Win32
		{4F9C71DE-A86D-41B1-8F45-19E65FF06582}.Debug|x64.ActiveCfg = Debug|x64
		{4F9C71DE-A86D-41B1-8F45-19E65FF06582}.Debug|x64.Build.0 = Debug|x64
		{4F9C71DE-A86D-41B1-8F45-19E65FF06582}.Debug|x86.ActiveCfg = Debug|Win32
		{4F9C71DE-A86D-41B1-8F45-19E65FF06582}.Debug|x86.Build.0 = Debug|Win32
		{4F9C71DE-A86D-41B1-8F45-19E65FF06582}.Release|x64.ActiveCfg = Release|x64
		{4F9C71DE-A86D-41B1-8F45-19E65FF06582}.Release|x64.Build.0 = Release|x64
		{4F9C71DE-A86D-41B1-8F45-19E65FF06582}.Release|x86.ActiveCfg = Release|Win32
		{4F9C71DE-A86D-41B1-8F45-19E65FF06582}.Release|x86.Build.0 = Release|Win32
		{97B0D4C4-4E75-4763-B8DB-570AFD77B1BF}.Debug|x64.ActiveCfg = Debug|x64
		{97B0D4C4-4E75-4763-B8DB-570AFD77B1BF}.Debug|x64.Build.0 = Debug|x64
		{97B0D4C4-4E75-4763-B8DB-570AFD77B1BF}.Debug|x86.ActiveCfg = Debug|Win32
		{97B0D4C4-4E75-4763-B8DB-570AFD77B1BF}.Debug|x86.Build.0 = Debug|Win32
		{97B0D4C4-4E75-4763-B8DB-570AFD77B1BF}.Release|x64.ActiveCfg = Release|x64
		{97B0D4C4-4E75-4763-B8DB-570AFD77B1BF}.Release|x64.Build.0 = Release|x64
		{97B0D4C4-4E75-4763-B8DB-570AFD77B1BF}.Release|x86.ActiveCfg = Release|Win32
		{97B0D4C4-4E75-4763-B8DB-570AFD77B1BF}.Release|x86.Build.0 = Release|Win32
		{308053D6-A800-4524-8264-7D18D138FCE0}.Debug|x64.ActiveCfg = Debug|x64
		{308053D6-A800-4524-8264-7D18D138FCE0}.Debug|x64.Build.0 = Debug|x64
		{308053D6-A800-4524-8264-7D18D138FCE0}.Debug|x86.ActiveCfg = Debug|Win32
		{308053D6-A800-4524-8264-7D18D138FCE0}.Debug|x86.Build.0 = Debug|Win32
		{308053D6-A800-4524-8264-7D18D138FCE0}.Release|x64.ActiveCfg = Release|x64
		{308053D6-A800-4524-8264-7D18D138FCE0}.Release|x64.Build.0 = Release|x64
		{308053D6-A800-4524-8264-7D18D138FCE0}.Release|x86.ActiveCfg = Release|Win32
		{308053D6-A800-4524-8264-7D18D138FCE0}.Release|x86.Build.0 = Release|Win32
		{0A5DDA11-D1AA-44ED-BBD3-93A854AB245E}.Debug|x64.ActiveCfg = Debug|x64
		{0A5DDA11-D1AA-44ED-BBD3-93A854AB245E}.Debug|x64.Build.0 = Debug|x64
		{0A5DDA11-D1AA-44ED-BBD3-93A854AB245E}.Debug|x86.ActiveCfg = Debug|Win32
		{0A5DDA11-D1AA-44ED-BBD3-93A854AB245E}.Debug|x86.Build.0 = Debug|Win32
		{0A5DDA11-D1AA-44ED-BBD3-93A854AB245E}.Release|x64.ActiveCfg = Release|x64
		{0A5DDA11-D1AA-44ED-BBD3-93A854AB245E}.Release|x64.Build.0 = Release|x64
		{0A5DDA11-D1AA-44ED-BBD3-93A854AB245E}.Release|x86.ActiveCfg = Release|Win32
		{0A5DDA11-D1AA-44ED-BBD3-93A854AB245E}.Release|x86.Build.0 = Release|Win32
		{82FFCB8E-9457-4E8C-BC84-23A91B449C6E}.Debug|x64.ActiveCfg = Debug|x64
		{82FFCB8E-9457-4E8C-BC84-23A91B449C6E}.Debug|x64.Build.0 = Debug|x64
		{82FFCB8E-9457-4E8C-BC84-23A91B449C6E}.Debug|x86.ActiveCfg = Debug|Win32
		{82FFCB8E-9457-4E8C-BC84-23A91B449C6E}.Debug|x86.Build.0 = Debug|Win32
		{82FFCB8E-9457-4E8C-BC84-23A91B449C6E}.Release|x64.ActiveCfg = Release|x64
		{82FFCB8E-9457-4E8C-BC84-23A91B449C6E}.Release|x64.Build.0 = Release|x64
		{82FFCB8E-9457-4E8C-BC84-23A91B449C6E}.Release|x86.ActiveCfg = Release|Win32
		{82FFCB8E-9457-4E8C-BC84-23A91B449C6E}.Release|x86.Build.0 = Release|Win32
		{7D502F1B-8D3C-47AF-8BEC-252AF09DF175}.Debug|x64.ActiveCfg = Debug|x64
		{7D502F1B-8D3C-47AF-8BEC-252AF09DF175}.Debug|x64.Build.0 = Debug|x64
		{7D502F1B-8D3C-47AF-8BEC-252AF09DF175}.Debug|x86.ActiveCfg = Debug|Win32
		{7D502F1B-8D3C-47AF-8BEC-252AF09DF175}.Debug|x86.Build.0 = Debug|Win32
		{7D502F1B-8D3C-47AF-8BEC-252AF09DF175}.Release|x64.ActiveCfg = Release|x64
		{7D502F1B-8D3C-47AF-8BEC-252AF09DF175}.Release|x64.Build.0 = Release|x64
		{7D502F1B-8D3C-47AF-8BEC-252AF09DF175}.Release|x86.ActiveCfg = Release|Win32
		{7D502F1B-8D3C-47AF-8BEC-252AF09DF175}.Release|x86.Build.0 = Release|Win32
		{D10B75AE-0E39-4E1B-8E13-9BE5D5594421}.Debug|x64.ActiveCfg = Debug|x64
		{D10B75AE-0E39-4E1B-8E13-9BE5D5594421}.Debug|x64.Build.0 = Debug|x64
		{D10B75AE-0E39-4E1B-8E13-9BE5D5594421}.Debug|x86.ActiveCfg = Debug|Win32
		{D10B75AE-0E39-4E1B-8E13-9BE5D5594421}.Debug|x86.Build.0 = Debug|Win32
		{D10B75AE-0E39-4E1B-8E13-9BE5D5594421}.Release|x64.ActiveCfg = Release|x64
		{D10B75AE-0E39-4E1B-8E13-9BE5D5594421}.Release|x64.Build.0 = Release|x64
		{D10B75AE-0E39-4E1B-8E13-9BE5D5594421}.Release|x86.ActiveCfg = Release|Win32
		{D10B75AE-0E39-4E1B-8E13-9BE5D5594421}.Release|x86.Build.0 = Release|Win32
		{C026189B-1AC7-4701-92FB-400F3FC11F32}.Debug|x64.ActiveCfg = Debug|x64
		{C026189B-1AC7-4701-92FB-400F3FC11F32}.Debug|x64.Build.0 = Debug|x64
		{C026189B-1AC7-4701-92FB-400F3FC11F32}.Debug|x86.ActiveCfg = Debug|Win32
		{C026189B-1AC7-4701-92FB-400F3FC11F32}.Debug|x86.Build.0 = Debug|Win32
		{C026189B-1AC7-4701-92FB-400F3FC11F32}.Release|x64.ActiveCfg = Release|x64
		{C026189B-1AC7-4701-92FB-400F3FC11F32}.Release|x64.Build.0 = Release|x64
		{C026189B-1AC7-4701-92FB-400F3FC11F32}.Release|x86.ActiveCfg = Release|Win32
		{C026189B-1AC7-4701-92FB-400F3FC11F32}.Release|x86.Build.0 = Release|Win32
		{EACD32D5-AF74-4462-AA7C-D1BCF5D67F44}.Debug|x64.ActiveCfg = Debug|x64
		{EACD32D5-AF74-4462-AA7C-D1BCF5D67F44}.Debug|x64.Build.0 = Debug|x64
		{EACD32D5-AF74-4462-AA7C-D1BCF5D67F44}.Debug|x86.ActiveCfg = Debug|Win32
		{EACD32D5-AF74-4462-AA7C-D1BCF5D67F44}.Debug|x86.Build.0 = Debug|Win32
		{EACD32D5-AF74-4462-AA7C-D1BCF5D67F44}.Release|x64.ActiveCfg = Release|x64
		{EACD32D5-AF74-4462-AA7C-D1BCF5D67F44}.Release|x64.Build.0 = Release|x64
		{EACD32D5-AF74-4462-AA7C-D1BCF5D67F44}.Release|x86.ActiveCfg = Release|Win32
		{EACD32D5-AF74-4462-AA7C-D1BCF5D67F44}.Release|x86.Build.0 = Release|Win32
		{6D0331BF-E263-49B2-BEDB-B9828727B510}.Debug|x64.ActiveCfg = Debug|x64
		{6D0331BF-E263-49B2-BEDB-B9828727B510}.Debug|x64.Build.0 = Debug|x64
		{6D0331BF-E263-49B2-BEDB-B9828727B510}.Debug|x86.ActiveCfg = Debug|Win32
		{6D0331BF-E263-49B2-BEDB-B9828727B510}.Debug|x86.Build.0 = Debug|Win32
		{6D0331BF-E263-49B2-BEDB-B9828727B510}.Release|x64.ActiveCfg = Release|x64
		{6D0331BF-E263-49B2-BEDB-B9828727B510}.Release|x64.Build.0 = Release|x64
		{6D0331BF-E263-49B2-BEDB-B9828727B510}.Release|x86.ActiveCfg = Release|Win32
		{6D0331BF-E263-49B2-BEDB-B9828727B510}.Release|x86.Build.0 = Release|Win32
		{776D8358-6217-4CEF-8D58-3726A5C77115}.Debug|x64.ActiveCfg = Debug|x64
		{776D8358-6217-4CEF-8D58-3726A5C77115}.Debug|x64.Build.0 = Debug|x64
		{776D8358-6217-4CEF-8D58-3726A5C77115}.Debug|x86.ActiveCfg = Debug|Win32
		{776D8358-6217-4CEF-8D58-3726A5C77115}.Debug|x86.Build.0 = Debug|Win32
		{776D8358-6217-4CEF-8D58-3726A5C77115}.Release|x64.ActiveCfg = Release|x64
		{776D8358-6217-4CEF-8D58-3726A5C77115}.Release|x64.Build.0 = Release|x64
		{776D8358-6217-4CEF-8D58-3726A5C77115}.Release|x86.ActiveCfg = Release|Win32
		{776D8358-6217-4CEF-8D58-3726A5C77115}.Release|x86.Build.0 = Release|Win32
		{28EAA81C-A3F0-4D7B-9F52-8901B1CE30B5}.Debug|x64.ActiveCfg = Debug|x64
		{28EAA81C-A3F0-4D7B-9F52-8901B1CE30B5}.Debug|x64.Build.0 = Debug|x64
		{28EAA81C-A3F0-4D7B-9F52-8901B1CE30B5}.Debug|x86.ActiveCfg = Debug|Win32
		{28EAA81C-A3F0-4D7B-9F52-8901B1CE30B5}.Debug|x86.Build.0 = Debug|Win32
		{28EAA81C-A3F0-4D7B-9F52-8901B1CE30B5}.Release|x64.ActiveCfg = Release|x64
		{28EAA81C-A3F0-4D7B-9F52-8901B1CE30B5}.Release|x64.Build.0 = Release|x64
		{28EAA81C-A3F0-4D7B-9F52-8901B1CE30B5}.Release|x86.ActiveCfg = Release|Win32
		{28EAA81C-A3F0-4D7B-9F52-8901B1CE30B5}.Release|x86.Build.0 = Release|Win32
		{D6B0B87F-2BA6-45B7-B0B6-0B9EF4101C25}.Debug|x64.ActiveCfg = Debug|x64
		{D6B0B87F-2BA6-45B7-B0B6-0B9EF4101C25}.Debug|x64.Build.0 = Debug|x64
		{D6B0B87F-2BA6-45B7-B0B6-0B9EF4101C25}.Debug|x86.ActiveCfg = Debug|Win32
		{D6B0B87F-2BA6-45B7-B0B6-0B9EF4101C25}.Debug|x86.Build.0 = Debug|Win32
		{D6B0B87F-2BA6-45B7-B0B6-0B9EF4101C25}.Release|x64.ActiveCfg = Release|x64
		{D6B0B87F-2BA6-45B7-B0B6-0B9EF4101C25}.Release|x64.Build.0 = Release|x64
		{D6B0B87F-2BA6-45B7-B0B6-0B9EF4101C25}.Release|x86.ActiveCfg = Release|Win32
		{D6B0B87F-2BA6-45B7-B0B6-0B9EF4101C25}.Release|x86.Build.0 = Release|Win32
		{25CFC575-75B6-4E1C-BCB7-38EE2E58E08E}.Debug|x64.ActiveCfg = Debug|x64
		{25CFC575-75B6-4E1C-BCB7-38EE2E58E08E}.Debug|x64.Build.0 = Debug|x64
		{25CFC575-75B6-4E1C-BCB7-38EE2E58E08E}.Debug|x86.ActiveCfg = Debug|Win32
		{25CFC575-75B6-4E1C-BCB7-38EE2E58E08E}.Debug|x86.Build.0 = Debug|Win32
		{25CFC575-75B6-4E1C-BCB7-38EE2E58E08E}.Release|x64.ActiveCfg = Release|x64
		{25CFC575-75B6-4E1C-BCB7-38EE2E58E08E}.Release|x64.Build.0 = Release|x64
		{25CFC575-75B6-4E1C-BCB7-38EE2E58E08E}.Release|x86.ActiveCfg = Release|Win32
		{25CFC575-75B6-4E1C-BCB7-38EE2E58E08E}.Release|x86.Build.0 = Release|Win32
		{D8F713BA-8982-40CA-A440-1D58A20ADDD1}.Debug|x64.ActiveCfg = Debug|x64
		{D8F713BA-8982-40CA-A440-1D58A20ADDD1}.Debug|x64.Build.0 = Debug|x64
		{D8F713BA-8982-40CA-A440-1D58A20ADDD1}.Debug|x86.ActiveCfg = Debug|Win32
		{D8F713BA-8982-40CA-A440-1D58A20ADDD1}.Debug|x86.Build.0 = Debug|Win32
		{D8F713BA-8982-40CA-A440-1D58A20ADDD1}.Release|x64.ActiveCfg = Release|x64
		{D8F713BA-8982-40CA-A440-1D58A20ADDD1}.Release|x64.Build.0 = Release|x64
		{D8F713BA-8982-40CA-A440-1D58A20ADDD1}.Release|x86.ActiveCfg = Release|Win32
		{D8F713BA-8982-40CA-A440-1D58A20ADDD1}.Release|x86.Build.0 = Release|Win32
		{01DAB2BE-1564-4A97-8B3D-52A173236FD8}.Debug|x64.ActiveCfg = Debug|x64
		{01DAB2BE-1564-4A97-8B3D-52A173236FD8}.Debug|x64.Build.0 = Debug|x64
		{01DAB2BE-1564-4A97-8B3D-52A173236FD8}.Debug|x86.ActiveCfg = Debug|Win32
		{01DAB2BE-1564-4A97-8B3D-52A173236FD8}.Debug|x86.Build.0 = Debug|Win32
		{01DAB2BE-1564-4A97-8B3D-52A173236FD8}.Release|x64.ActiveCfg = Release|x64
		{01DAB2BE-1564-4A97-8B3D-52A173236FD8}.Release|x64.Build.0 = Release|x64
		{01DAB2BE-1564-4A97-8B3D-52A173236FD8}.Release|x86.ActiveCfg = Release|Win32
		{01DAB2BE-1564-4A97-8B3D-52A173236FD8}.Release|x86.Build.0 = Release|Win32
		{9739C7F2-A9EB-48D4-A141-E966A6FF624D}.Debug|x64.ActiveCfg = Debug|x64
		{9739C7F2-A9EB-48D4-A141-E966A6FF624D}.Debug|x64.Build.0 = Debug|x64
		{9739C7F2-A9EB-48D4-A141-E966A6FF624D}.Debug|x86.ActiveCfg = Debug|Win32
		{9739C7F2-A9EB-48D4-A141-E966A6FF624D}.Debug|x86.Build.0 = Debug|Win32
		{9739C7F2-A9EB-48D4-A141-E966A6FF624D}.Release|x64.ActiveCfg = Release|x64
		{9739C7F2-A9EB-48D4-A141-E966A6FF624D}.Release|x64.Build.0 = Release|x64
		{9739C7F2-A9EB-48D4-A141-E966A6FF624D}.Release|x86.ActiveCfg = Release|Win32
		{9739C7F2-A9EB-48D4-A141-E966A6FF624D}.Release|x86.Build.0 = Release|Win32
		{6D9759C4-8E36-4F1C-860A-3E8F05E3D99D}.Debug|x64.ActiveCfg = Debug|x64
		{6D9759C4-8E36-4F1C-860A-3E8F05E3D99D}.Debug|x64.Build.0 = Debug|x64
		{6D9759C4-8E36-4F1C-860A-3E8F05E3D99D}.Debug|x86.ActiveCfg = Debug|Win32
		{6D9759C4-8E36-4F1C-860A-3E8F05E3D99D}.Debug|x86.Build.0 = Debug|Win32
		{6D9759C4-8E36-4F1C-860A-3E8F05E3D99D}.Release|x64.ActiveCfg = Release|x64
		{6D9759C4-8E36-4F1C-860A-3E8F05E3D99D}.Release|x64.Build.0 = Release|x64
		{6D9759C4-8E36-4F1C-860A-3E8F05E3D99D}.Release|x86.ActiveCfg = Release|Win32
		{6D9759C4-8E36-4F1C-860A-3E8F05E3D99D}.Release|x86.Build.0 = Release|Win32
		{E81C8EEB-0B00-4588-A72A-98AF4AF3D99B}.Debug|x64.ActiveCfg = Debug|x64
		{E81C8EEB-0B00-4588-A72A-98AF4AF3D99B}.Debug|x64.Build.0 = Debug|x64
		{E81C8EEB-0B00-4588-A72A-98AF4AF3D99B}.Debug|x86.ActiveCfg = Debug|Win32
		{E81C8EEB-0B00-4588-A72A-98AF4AF3D99B}.Debug|x86.Build.0 = Debug|Win32
		{E81C8EEB-0B00-4588-A72A-98AF4AF3D99B}.Release|x64.ActiveCfg = Release|x64
		{E81C8EEB-0B00-4588-A72A-98AF4AF3D99B}.Release|x64.Build.0 = Release|x64
		{E81C8EEB-0B00-4588-A72A-98AF4AF3D99B}.Release|x86.ActiveCfg = Release|Win32
		{E81C8EEB-0B00-4588-A72A-98AF4AF3D99B}.Release|x86.Build.0 = Release|Win32
		{B5B9E82B-F9B8-4CB0-950D-57786D7EB4D1}.Debug|x64.ActiveCfg = Debug|x64
		{B5B9E82B-F9B8-4CB0-950D-57786D7EB4D1}.Debug|x64.Build.0 = Debug|x64
		{B5B9E82B-F9B8-4CB0-950D-57786D7EB4D1}.Debug|x86.ActiveCfg = Debug|Win32
		{B5B9E82B-F9B8-4CB0-950D-57786D7EB4D1}.Debug|x86.Build.0 = Debug|Win32
		{B5B9E82B-F9B8-4CB0-950D-57786D7EB4D1}.Release|x64.ActiveCfg = Release|x64
		{B5B9E82B-F9B8-4CB0-950D-57786D7EB4D1}.Release|x64.Build.0 = Release|x64
		{B5B9E82B-F9B8-4CB0-950D-57786D7EB4D1}.Release|x86.ActiveCfg = Release|Win32
		{B5B9E82B-F9B8-4CB0-950D-57786D7EB4D1}.Release|x86.Build.0 = Release|Win32
		{1FAB95E0-C2B3-404F-AAE6-493FD29895C1}.Debug|x64.ActiveCfg = Debug|x64
		{1FAB95E0-C2B3-404F-AAE6-493FD29895C1}.Debug|x64.Build.0 = Debug|x64
		{1FAB95E0-C2B3-404F-AAE6-493FD29895C1}.Debug|x86.ActiveCfg = Debug|Win32
		{1FAB95E0-C2B3-404F-AAE6-493FD29895C1}.Debug|x86.Build.0 = Debug|Win32
		{1FAB95E0-C2B3-404F-AAE6-493FD29895C1}.Release|x64.ActiveCfg = Release|x64
		{1FAB95E0-C2B3-404F-AAE6-493FD29895C1}.Release|x64.Build.0 = Release|x64
		{1FAB95E0-C2B3-404F-AAE6-493FD29895C1}.Release|x86.ActiveCfg = Release|Win32
		{1FAB95E0-C2B3-404F-AAE6-493FD29895C1}.Release|x86.Build.0 = Release|Win32
		{D9D0404A-A529-4BF2-8EA8-B96D19134443}.Debug|x64.ActiveCfg = Debug|x64
		{D9D0404A-A529-4BF2-8EA8-B96D19134443}.Debug|x64.Build.0 = Debug|x64
		{D9D0404A-A529-4BF2-8EA8-B96D19134443}.Debug|x86.ActiveCfg = Debug|Win32
		{D9D0404A-A529-4BF2-8EA8-B96D19134443}.Debug|x86.Build.0 = Debug|Win32
		{D9D0404A-A529-4BF2-8EA8-B96D19134443}.Release|x64.ActiveCfg = Release|x64
		{D9D0404A-A529-4BF2-8EA8-B96D19134443}.Release|x64.Build.0 = Release|x64
		{D9D0404A-A529-4BF2-8EA8-B96D19134443}.Release|x86.ActiveCfg = Release|Win32
		{D9D0404A-A529-4BF2-8EA8-B96D19134443}.Release|x86.Build.0 = Release|Win32
		{2870E6A2-2463-453E-B490-A1D0061E2001}.Debug|x64.ActiveCfg = Debug|x64
		{2870E6A2-2463-453E-B490-A1D0061E2001}.Debug|x64.Build.0 = Debug|x64
		{2870E6A2-2463-453E-B490-A1D0061E2001}.Debug|x86.ActiveCfg = Debug|Win32
		{2870E6A2-2463-453E-B490-A1D0061E2001}.Debug|x86.Build.0 = Debug|Win32
		{2870E6A2-2463-453E-B490-A1D0061E2001}.Release|x64.ActiveCfg = Release|x64
		{2870E6A2-2463-453E-B490-A1D0061E2001}.Release|x64.Build.0 = Release|x64
		{2870E6A2-2463-453E-B490-A1D0061E2001}.Release|x86.ActiveCfg = Release|Win32
		{2870E6A2-2463-453E-B490-A1D0061E2001}.Release|x86.Build.0 = Release|Win32
	EndGlobalSection
	GlobalSection(SolutionProperties) = preSolution
		HideSolutionNode = FALSE
	EndGlobalSection
	GlobalSection(NestedProjects) = preSolution
		{F73975DA-0863-4EC7-8FBC-90FB76DE70A0} = {21B19208-972D-45A4-B8E9-F827A367E812}
		{4C66204F-FFA7-446E-947F-2174E29354DF} = {21B19208-972D-45A4-B8E9-F827A367E812}
		{4E7956E9-0C08-43CA-B17A-3CDCAE7347A3} = {21B19208-972D-45A4-B8E9-F827A367E812}
		{CEC64D97-A7FD-4A2B-929E-EDEA79C287C7} = {21B19208-972D-45A4-B8E9-F827A367E812}
		{DF089BDE-16CE-4DCB-AB5F-BFF195AD19FD} = {21B19208-972D-45A4-B8E9-F827A367E812}
		{89718C80-19B8-48EF-BDF6-D9879A3A27AF} = {21B19208-972D-45A4-B8E9-F827A367E812}
		{63705465-E7F4-4232-9892-309A9EEC531B} = {D209DA74-A61A-482B-8B5A-53ECAC6BF771}
		{E9F7EA8D-7185-401F-B0A0-133E53E1C93D} = {D209DA74-A61A-482B-8B5A-53ECAC6BF771}
		{AD4C0868-EC45-45BF-B983-D8CEE9361ACD} = {D209DA74-A61A-482B-8B5A-53ECAC6BF771}
		{DB7690B6-ADE8-4428-A40D-474DCB51BE08} = {D209DA74-A61A-482B-8B5A-53ECAC6BF771}
		{4408DB5C-6412-426C-84F6-6C3DBB13462B} = {D209DA74-A61A-482B-8B5A-53ECAC6BF771}
		{323B6BF2-CCF7-474F-9D93-1465081AD503} = {D209DA74-A61A-482B-8B5A-53ECAC6BF771}
		{C2570BFB-7DF9-4A76-8DA3-AAB59EAA72BC} = {D209DA74-A61A-482B-8B5A-53ECAC6BF771}
		{8767EA49-E8A9-490C-B7F8-359ECC68F8E8} = {D209DA74-A61A-482B-8B5A-53ECAC6BF771}
		{96EFDDDA-74A3-4EA3-A6BD-60145AF55B23} = {830103AE-9AE4-4D0C-9141-C4574781DFE6}
		{F88A7317-A6B3-4553-BC70-E94FC440D513} = {830103AE-9AE4-4D0C-9141-C4574781DFE6}
		{222BC268-5EF7-4E2B-BDA4-7C2359D5A2C7} = {830103AE-9AE4-4D0C-9141-C4574781DFE6}
		{C62271F0-E1DF-4477-B04A-3ED2FBD91F4F} = {830103AE-9AE4-4D0C-9141-C4574781DFE6}
		{4F9C71DE-A86D-41B1-8F45-19E65FF06582} = {830103AE-9AE4-4D0C-9141-C4574781DFE6}
		{97B0D4C4-4E75-4763-B8DB-570AFD77B1BF} = {830103AE-9AE4-4D0C-9141-C4574781DFE6}
		{308053D6-A800-4524-8264-7D18D138FCE0} = {830103AE-9AE4-4D0C-9141-C4574781DFE6}
		{0A5DDA11-D1AA-44ED-BBD3-93A854AB245E} = {830103AE-9AE4-4D0C-9141-C4574781DFE6}
		{82FFCB8E-9457-4E8C-BC84-23A91B449C6E} = {830103AE-9AE4-4D0C-9141-C4574781DFE6}
		{7D502F1B-8D3C-47AF-8BEC-252AF09DF175} = {830103AE-9AE4-4D0C-9141-C4574781DFE6}
		{D10B75AE-0E39-4E1B-8E13-9BE5D5594421} = {830103AE-9AE4-4D0C-9141-C4574781DFE6}
		{C026189B-1AC7-4701-92FB-400F3FC11F32} = {830103AE-9AE4-4D0C-9141-C4574781DFE6}
		{EACD32D5-AF74-4462-AA7C-D1BCF5D67F44} = {830103AE-9AE4-4D0C-9141-C4574781DFE6}
		{6D0331BF-E263-49B2-BEDB-B9828727B510} = {830103AE-9AE4-4D0C-9141-C4574781DFE6}
		{776D8358-6217-4CEF-8D58-3726A5C77115} = {830103AE-9AE4-4D0C-9141-C4574781DFE6}
		{D6B0B87F-2BA6-45B7-B0B6-0B9EF4101C25} = {235CBAB8-65A3-4330-A8AC-4A439089F9B2}
		{25CFC575-75B6-4E1C-BCB7-38EE2E58E08E} = {F83C269D-A279-431E-A21C-41134315C23D}
		{D8F713BA-8982-40CA-A440-1D58A20ADDD1} = {F83C269D-A279-431E-A21C-41134315C23D}
		{01DAB2BE-1564-4A97-8B3D-52A173236FD8} = {F83C269D-A279-431E-A21C-41134315C23D}
		{9739C7F2-A9EB-48D4-A141-E966A6FF624D} = {F83C269D-A279-431E-A21C-41134315C23D}
		{6D9759C4-8E36-4F1C-860A-3E8F05E3D99D} = {F83C269D-A279-431E-A21C-41134315C23D}
		{E81C8EEB-0B00-4588-A72A-98AF4AF3D99B} = {F83C269D-A279-431E-A21C-41134315C23D}
		{B5B9E82B-F9B8-4CB0-950D-57786D7EB4D1} = {F83C269D-A279-431E-A21C-41134315C23D}
		{1FAB95E0-C2B3-404F-AAE6-493FD29895C1} = {F83C269D-A279-431E-A21C-41134315C23D}
		{D9D0404A-A529-4BF2-8EA8-B96D19134443} = {F83C269D-A279-431E-A21C-41134315C23D}
		{2870E6A2-2463-453E-B490-A1D0061E2001} = {F83C269D-A279-431E-A21C-41134315C23D}
	EndGlobalSection
	GlobalSection(ExtensibilityGlobals) = postSolution
		SolutionGuid = {7D4FB4E4-A4A1-471A-80D3-D5BC8820BE7F}
	EndGlobalSection
EndGlobal
