
Microsoft Visual Studio Solution File, Format Version 12.00
# Visual Studio Version 17
VisualStudioVersion = 17.7.34202.233
MinimumVisualStudioVersion = 10.0.40219.1
Project("{2150E333-8FDC-42A3-9474-1A3956D46DE8}") = "05-IFCicli", "05-IFCicli", "{D209DA74-A61A-482B-8B5A-53ECAC6BF771}"
EndProject
Project("{2150E333-8FDC-42A3-9474-1A3956D46DE8}") = "06-Funzioni-FunzRic-Header", "06-Funzioni-FunzRic-Header", "{830103AE-9AE4-4D0C-9141-C4574781DFE6}"
EndProject
Project("{2150E333-8FDC-42A3-9474-1A3956D46DE8}") = "04b-Espressioni", "04b-Espressioni", "{21B19208-972D-45A4-B8E9-F827A367E812}"
EndProject
Project("{8BC9CEB8-8B4A-11D0-8D11-00A0C91BC942}") = "01_user_input_and_print", "04b-Espressioni\01_user_input_and_print\01_user_input_and_print.vcxproj", "{F73975DA-0863-4EC7-8FBC-90FB76DE70A0}"
EndProject
Project("{8BC9CEB8-8B4A-11D0-8D11-00A0C91BC942}") = "02_echo_di_caratteri", "04b-Espressioni\02_echo_di_caratteri\02_echo_di_caratteri.vcxproj", "{4C66204F-FFA7-446E-947F-2174E29354DF}"
EndProject
Project("{8BC9CEB8-8B4A-11D0-8D11-00A0C91BC942}") = "03_somma_e_media", "04b-Espressioni\03_somma_e_media\03_somma_e_media.vcxproj", "{4E7956E9-0C08-43CA-B17A-3CDCAE7347A3}"
EndProject
Project("{8BC9CEB8-8B4A-11D0-8D11-00A0C91BC942}") = "04_max_2_numeri", "04b-Espressioni\04_max_2_numeri\04_max_2_numeri.vcxproj", "{CEC64D97-A7FD-4A2B-929E-EDEA79C287C7}"
EndProject
Project("{8BC9CEB8-8B4A-11D0-8D11-00A0C91BC942}") = "05_valore_assoluto", "04b-Espressioni\05_valore_assoluto\05_valore_assoluto.vcxproj", "{DF089BDE-16CE-4DCB-AB5F-BFF195AD19FD}"
EndProject
Project("{8BC9CEB8-8B4A-11D0-8D11-00A0C91BC942}") = "06_caratteri_in_ordine_alfabetico", "04b-Espressioni\06_caratteri_in_ordine_alfabetico\06_caratteri_in_ordine_alfabetico.vcxproj", "{89718C80-19B8-48EF-BDF6-D9879A3A27AF}"
EndProject
Project("{8BC9CEB8-8B4A-11D0-8D11-00A0C91BC942}") = "01_quiz", "05-IFCicli\01_quiz\01_quiz.vcxproj", "{63705465-E7F4-4232-9892-309A9EEC531B}"
EndProject
Project("{8BC9CEB8-8B4A-11D0-8D11-00A0C91BC942}") = "02_sconto_al_supermercato", "05-IFCicli\02_sconto_al_supermercato\02_sconto_al_supermercato.vcxproj", "{E9F7EA8D-7185-401F-B0A0-133E53E1C93D}"
EndProject
Project("{8BC9CEB8-8B4A-11D0-8D11-00A0C91BC942}") = "03_caratteri_in_ordine_IF", "05-IFCicli\03_caratteri_in_ordine_IF\03_caratteri_in_ordine_IF.vcxproj", "{AD4C0868-EC45-45BF-B983-D8CEE9361ACD}"
EndProject
Project("{8BC9CEB8-8B4A-11D0-8D11-00A0C91BC942}") = "04_voti_olimpiadi", "05-IFCicli\04_voti_olimpiadi\04_voti_olimpiadi.vcxproj", "{DB7690B6-ADE8-4428-A40D-474DCB51BE08}"
EndProject
Project("{8BC9CEB8-8B4A-11D0-8D11-00A0C91BC942}") = "05_da_voto_a_valutazione", "05-IFCicli\05_da_voto_a_valutazione\05_da_voto_a_valutazione.vcxproj", "{4408DB5C-6412-426C-84F6-6C3DBB13462B}"
EndProject
Project("{8BC9CEB8-8B4A-11D0-8D11-00A0C91BC942}") = "06_operazioni_aritmetiche", "05-IFCicli\06_operazioni_aritmetiche\06_operazioni_aritmetiche.vcxproj", "{323B6BF2-CCF7-474F-9D93-1465081AD503}"
EndProject
Project("{8BC9CEB8-8B4A-11D0-8D11-00A0C91BC942}") = "07_sommatoria_potenza", "05-IFCicli\07_sommatoria_potenza\07_sommatoria_potenza.vcxproj", "{C2570BFB-7DF9-4A76-8DA3-AAB59EAA72BC}"
EndProject
Project("{8BC9CEB8-8B4A-11D0-8D11-00A0C91BC942}") = "08_es_diap_24", "05-IFCicli\08_es_diap_24\08_es_diap_24.vcxproj", "{8767EA49-E8A9-490C-B7F8-359ECC68F8E8}"
EndProject
Project("{8BC9CEB8-8B4A-11D0-8D11-00A0C91BC942}") = "01_es_diap_3", "06-Funzioni-FunzRic-Header\01_es_diap_3\01_es_diap_3.vcxproj", "{96EFDDDA-74A3-4EA3-A6BD-60145AF55B23}"
EndProject
Project("{8BC9CEB8-8B4A-11D0-8D11-00A0C91BC942}") = "template", "template\template.vcxproj", "{9D799488-86A6-4263-A20D-1576F7D86762}"
EndProject
Project("{8BC9CEB8-8B4A-11D0-8D11-00A0C91BC942}") = "02_es_diap_4", "06-Funzioni-FunzRic-Header\02_es_diap_4\02_es_diap_4.vcxproj", "{F88A7317-A6B3-4553-BC70-E94FC440D513}"
EndProject
Project("{8BC9CEB8-8B4A-11D0-8D11-00A0C91BC942}") = "03_es_diap_5", "06-Funzioni-FunzRic-Header\03_es_diap_5\03_es_diap_5.vcxproj", "{222BC268-5EF7-4E2B-BDA4-7C2359D5A2C7}"
EndProject
Project("{8BC9CEB8-8B4A-11D0-8D11-00A0C91BC942}") = "04_square_and_cube", "06-Funzioni-FunzRic-Header\04_square_and_cube\04_square_and_cube.vcxproj", "{C62271F0-E1DF-4477-B04A-3ED2FBD91F4F}"
EndProject
Project("{8BC9CEB8-8B4A-11D0-8D11-00A0C91BC942}") = "05_es_triangolo", "06-Funzioni-FunzRic-Header\05_es_triangolo\05_es_triangolo.vcxproj", "{4F9C71DE-A86D-41B1-8F45-19E65FF06582}"
EndProject
Project("{8BC9CEB8-8B4A-11D0-8D11-00A0C91BC942}") = "06_numero_primo", "06-Funzioni-FunzRic-Header\06_numero_primo\06_numero_primo.vcxproj", "{97B0D4C4-4E75-4763-B8DB-570AFD77B1BF}"
EndProject
Project("{8BC9CEB8-8B4A-11D0-8D11-00A0C91BC942}") = "07_terne_pitagoriche", "06-Funzioni-FunzRic-Header\07_terne_pitagoriche\07_terne_pitagoriche.vcxproj", "{308053D6-A800-4524-8264-7D18D138FCE0}"
EndProject
Project("{8BC9CEB8-8B4A-11D0-8D11-00A0C91BC942}") = "08_somma_funz_ric", "06-Funzioni-FunzRic-Header\08_somma_funz_ric\08_somma_funz_ric.vcxproj", "{0A5DDA11-D1AA-44ED-BBD3-93A854AB245E}"
EndProject
Project("{8BC9CEB8-8B4A-11D0-8D11-00A0C91BC942}") = "09_sommatoria_funzione_2_modi", "06-Funzioni-FunzRic-Header\09_sommatoria_funzione_2_modi\09_sommatoria_funzione_2_modi.vcxproj", "{82FFCB8E-9457-4E8C-BC84-23A91B449C6E}"
EndProject
Project("{8BC9CEB8-8B4A-11D0-8D11-00A0C91BC942}") = "10_inversione_cifre", "06-Funzioni-FunzRic-Header\10_inversione_cifre\10_inversione_cifre.vcxproj", "{7D502F1B-8D3C-47AF-8BEC-252AF09DF175}"
EndProject
Project("{8BC9CEB8-8B4A-11D0-8D11-00A0C91BC942}") = "11_inversione_caratteri", "06-Funzioni-FunzRic-Header\11_inversione_caratteri\11_inversione_caratteri.vcxproj", "{D10B75AE-0E39-4E1B-8E13-9BE5D5594421}"
EndProject
Project("{8BC9CEB8-8B4A-11D0-8D11-00A0C91BC942}") = "12_calcolo_MCD", "06-Funzioni-FunzRic-Header\12_calcolo_MCD\12_calcolo_MCD.vcxproj", "{C026189B-1AC7-4701-92FB-400F3FC11F32}"
EndProject
Project("{8BC9CEB8-8B4A-11D0-8D11-00A0C91BC942}") = "13_calcolo_minimo_massimo", "06-Funzioni-FunzRic-Header\13_calcolo_minimo_massimo\13_calcolo_minimo_massimo.vcxproj", "{EACD32D5-AF74-4462-AA7C-D1BCF5D67F44}"
EndProject
Project("{8BC9CEB8-8B4A-11D0-8D11-00A0C91BC942}") = "14_mcm", "06-Funzioni-FunzRic-Header\14_mcm\14_mcm.vcxproj", "{6D0331BF-E263-49B2-BEDB-B9828727B510}"
EndProject
Project("{8BC9CEB8-8B4A-11D0-8D11-00A0C91BC942}") = "15_triangolo_di_tartaglia", "06-Funzioni-FunzRic-Header\15_triangolo_di_tartaglia\15_triangolo_di_tartaglia.vcxproj", "{776D8358-6217-4CEF-8D58-3726A5C77115}"
EndProject
Project("{8BC9CEB8-8B4A-11D0-8D11-00A0C91BC942}") = "prova", "prova\prova.vcxproj", "{28EAA81C-A3F0-4D7B-9F52-8901B1CE30B5}"
EndProject
Project("{8BC9CEB8-8B4A-11D0-8D11-00A0C91BC942}") = "01_numero_palindromo", "00_esercizi_miei\01_numero_palindromo\01_numero_palindromo.vcxproj", "{D6B0B87F-2BA6-45B7-B0B6-0B9EF4101C25}"
EndProject
Project("{2150E333-8FDC-42A3-9474-1A3956D46DE8}") = "00_esercizi_miei", "00_esercizi_miei", "{235CBAB8-65A3-4330-A8AC-4A439089F9B2}"
EndProject
Project("{2150E333-8FDC-42A3-9474-1A3956D46DE8}") = "07-FunzParamRiferimento-TrattamentoErrori", "07-FunzParamRiferimento-TrattamentoErrori", "{F83C269D-A279-431E-A21C-41134315C23D}"
EndProject
Project("{8BC9CEB8-8B4A-11D0-8D11-00A0C91BC942}") = "01_numeri_complessi", "07-FunzParamRiferimento-TrattamentoErrori\01_numeri_complessi\01_numeri_complessi.vcxproj", "{25CFC575-75B6-4E1C-BCB7-38EE2E58E08E}"
EndProject
Project("{8BC9CEB8-8B4A-11D0-8D11-00A0C91BC942}") = "02_somma_due_numeri_complessi", "07-FunzParamRiferimento-TrattamentoErrori\02_somma_due_numeri_complessi\02_somma_due_numeri_complessi.vcxproj", "{D8F713BA-8982-40CA-A440-1D58A20ADDD1}"
EndProject
Project("{8BC9CEB8-8B4A-11D0-8D11-00A0C91BC942}") = "03_tempi_f1", "07-FunzParamRiferimento-TrattamentoErrori\03_tempi_f1\03_tempi_f1.vcxproj", "{01DAB2BE-1564-4A97-8B3D-52A173236FD8}"
EndProject
Project("{8BC9CEB8-8B4A-11D0-8D11-00A0C91BC942}") = "04_somma_due_durate", "07-FunzParamRiferimento-TrattamentoErrori\04_somma_due_durate\04_somma_due_durate.vcxproj", "{9739C7F2-A9EB-48D4-A141-E966A6FF624D}"
EndProject
Project("{8BC9CEB8-8B4A-11D0-8D11-00A0C91BC942}") = "05_area_e_perimetro_triangolo", "07-FunzParamRiferimento-TrattamentoErrori\05_area_e_perimetro_triangolo\05_area_e_perimetro_triangolo.vcxproj", "{6D9759C4-8E36-4F1C-860A-3E8F05E3D99D}"
EndProject
Project("{8BC9CEB8-8B4A-11D0-8D11-00A0C91BC942}") = "10_da_intero_a_binario", "07-FunzParamRiferimento-TrattamentoErrori\10_da_intero_a_binario\10_da_intero_a_binario.vcxproj", "{E81C8EEB-0B00-4588-A72A-98AF4AF3D99B}"
EndProject
Project("{8BC9CEB8-8B4A-11D0-8D11-00A0C91BC942}") = "11_equazioni_secondo_grado", "07-FunzParamRiferimento-TrattamentoErrori\11_equazioni_secondo_grado\11_equazioni_secondo_grado.vcxproj", "{B5B9E82B-F9B8-4CB0-950D-57786D7EB4D1}"
EndProject
Project("{8BC9CEB8-8B4A-11D0-8D11-00A0C91BC942}") = "06_integrale_metodo_rettangoli", "07-FunzParamRiferimento-TrattamentoErrori\06_integrale_metodo_rettangoli\06_integrale_metodo_rettangoli.vcxproj", "{1FAB95E0-C2B3-404F-AAE6-493FD29895C1}"
EndProject
Project("{8BC9CEB8-8B4A-11D0-8D11-00A0C91BC942}") = "07_integrale_metodo_trapezi", "07-FunzParamRiferimento-TrattamentoErrori\07_integrale_metodo_trapezi\07_integrale_metodo_trapezi.vcxproj", "{D9D0404A-A529-4BF2-8EA8-B96D19134443}"
EndProject
Project("{8BC9CEB8-8B4A-11D0-8D11-00A0C91BC942}") = "08_calcolo_media", "07-FunzParamRiferimento-TrattamentoErrori\08_calcolo_media\08_calcolo_media.vcxproj", "{2870E6A2-2463-453E-B490-A1D0061E2001}"
EndProject
Project("{8BC9CEB8-8B4A-11D0-8D11-00A0C91BC942}") = "09_max_min_ric", "07-FunzParamRiferimento-TrattamentoErrori\09_max_min_ric\09_max_min_ric.vcxproj", "{6CBBB05E-6B01-4577-A28F-B3A4F3AA4350}"
EndProject
Project("{2150E333-8FDC-42A3-9474-1A3956D46DE8}") = "08-Array", "08-Array", "{BAF8BAAC-7AC3-42A7-A24B-C5D410D2205B}"
EndProject
Project("{8BC9CEB8-8B4A-11D0-8D11-00A0C91BC942}") = "01_int_in_array", "08-Array\01_int_in_array\01_int_in_array.vcxproj", "{3DC62603-D0E1-4BEA-9EFD-1B12E01A0501}"
EndProject
Project("{8BC9CEB8-8B4A-11D0-8D11-00A0C91BC942}") = "02_es_02_diap_5", "08-Array\02_es_02_diap_5\02_es_02_diap_5.vcxproj", "{B1D39D42-944A-49B7-8EEE-9630EB42936E}"
EndProject
Project("{8BC9CEB8-8B4A-11D0-8D11-00A0C91BC942}") = "03_es_3_diap_7", "08-Array\03_es_3_diap_7\03_es_3_diap_7.vcxproj", "{768C741D-0019-401B-A77A-8EC621444869}"
EndProject
Project("{8BC9CEB8-8B4A-11D0-8D11-00A0C91BC942}") = "04_es_4_diap_9", "08-Array\04_es_4_diap_9\04_es_4_diap_9.vcxproj", "{1B03492F-EA55-4F1D-AD43-687FF426273E}"
EndProject
Project("{8BC9CEB8-8B4A-11D0-8D11-00A0C91BC942}") = "05_es_5_diap_11", "08-Array\05_es_5_diap_11\05_es_5_diap_11.vcxproj", "{1A027C6C-04F1-4EEF-BC29-708267D01D4A}"
EndProject
Project("{8BC9CEB8-8B4A-11D0-8D11-00A0C91BC942}") = "06_es_7_diap_17", "08-Array\06_es_7_diap_17\06_es_7_diap_17.vcxproj", "{DFBBD324-2B7A-4643-BEE6-4957EB8773D4}"
EndProject
Project("{8BC9CEB8-8B4A-11D0-8D11-00A0C91BC942}") = "07_es_8_diap_19", "08-Array\07_es_8_diap_19\07_es_8_diap_19.vcxproj", "{86B9DA4E-88CD-4525-BEC0-339E15F864F0}"
EndProject
Project("{8BC9CEB8-8B4A-11D0-8D11-00A0C91BC942}") = "08_es_9_diap_23", "08-Array\08_es_9_diap_23\08_es_9_diap_23.vcxproj", "{13AA296C-A351-48F2-AC58-024CA429C701}"
EndProject
Project("{8BC9CEB8-8B4A-11D0-8D11-00A0C91BC942}") = "09_es_10_diap_26", "08-Array\09_es_10_diap_26\09_es_10_diap_26.vcxproj", "{40897ABB-95C9-4178-BD32-233BCB2E2606}"
EndProject
Project("{8BC9CEB8-8B4A-11D0-8D11-00A0C91BC942}") = "01_es_1_diap_3", "09-ArrayFunzioni\01_es_1_diap_3\01_es_1_diap_3.vcxproj", "{E6E02011-E799-4CEC-B079-605987A77BEB}"
EndProject
Project("{2150E333-8FDC-42A3-9474-1A3956D46DE8}") = "09-ArrayFunzioni", "09-ArrayFunzioni", "{DE4B082C-F33F-4035-A3B1-3414CA63B1B4}"
EndProject
Project("{8BC9CEB8-8B4A-11D0-8D11-00A0C91BC942}") = "02_es_2_diap_4", "09-ArrayFunzioni\02_es_2_diap_4\02_es_2_diap_4.vcxproj", "{DA006BFF-53E9-4AF3-950A-B547B71CD7E2}"
EndProject
Project("{8BC9CEB8-8B4A-11D0-8D11-00A0C91BC942}") = "03_es_3_diap_5", "09-ArrayFunzioni\03_es_3_diap_5\03_es_3_diap_5.vcxproj", "{27B044FF-D37B-4200-A7D9-C11176E1356A}"
EndProject
Project("{8BC9CEB8-8B4A-11D0-8D11-00A0C91BC942}") = "04_es_4_diap_6", "09-ArrayFunzioni\04_es_4_diap_6\04_es_4_diap_6.vcxproj", "{6075E6C7-4F90-4CC8-8BF4-D3F6ED32B125}"
EndProject
Project("{8BC9CEB8-8B4A-11D0-8D11-00A0C91BC942}") = "05_es_5_diap_7", "09-ArrayFunzioni\05_es_5_diap_7\05_es_5_diap_7.vcxproj", "{66827AD3-D622-40E1-97B0-9F496DBE2CE6}"
EndProject
Project("{8BC9CEB8-8B4A-11D0-8D11-00A0C91BC942}") = "06_es_6_diap_8", "09-ArrayFunzioni\06_es_6_diap_8\06_es_6_diap_8.vcxproj", "{3CC57A30-117B-453D-823F-92054F53A227}"
EndProject
Project("{8BC9CEB8-8B4A-11D0-8D11-00A0C91BC942}") = "07_es_7_diap_9", "09-ArrayFunzioni\07_es_7_diap_9\07_es_7_diap_9.vcxproj", "{5E9B25DB-4006-4ECF-8451-FD7779186F1A}"
EndProject
Project("{8BC9CEB8-8B4A-11D0-8D11-00A0C91BC942}") = "08_es_8_diap_10", "09-ArrayFunzioni\08_es_8_diap_10\08_es_8_diap_10.vcxproj", "{F0FED764-36B7-48FD-A835-747F5F25A9ED}"
EndProject
Project("{8BC9CEB8-8B4A-11D0-8D11-00A0C91BC942}") = "09_es_9_diap_11", "09-ArrayFunzioni\09_es_9_diap_11\09_es_9_diap_11.vcxproj", "{9B27953D-A2A8-4B7F-BD5B-923F4E50EC9A}"
EndProject
Project("{8BC9CEB8-8B4A-11D0-8D11-00A0C91BC942}") = "10_es_10_diap_12", "09-ArrayFunzioni\10_es_10_diap_12\10_es_10_diap_12.vcxproj", "{AF7440BF-68A9-407C-99A7-C764697D35F4}"
EndProject
Project("{8BC9CEB8-8B4A-11D0-8D11-00A0C91BC942}") = "11_es_11_diap_13", "09-ArrayFunzioni\11_es_11_diap_13\11_es_11_diap_13.vcxproj", "{F287322F-6E4F-4CF3-9F99-2D319DD40349}"
EndProject
Project("{2150E333-8FDC-42A3-9474-1A3956D46DE8}") = "10-StringheStrutture", "10-StringheStrutture", "{2584C2EA-1CAE-43F4-8627-A54B8A962502}"
EndProject
Project("{8BC9CEB8-8B4A-11D0-8D11-00A0C91BC942}") = "04_dati_corso", "10-StringheStrutture\04_dati_corso\04_dati_corso.vcxproj", "{23954A5E-8618-40AC-AB98-B2BA09E178CF}"
EndProject
Project("{8BC9CEB8-8B4A-11D0-8D11-00A0C91BC942}") = "05_strutture_squadre_calcio", "10-StringheStrutture\05_strutture_squadre_calcio\05_strutture_squadre_calcio.vcxproj", "{C9E895B6-0D3A-4386-B228-31F2A44F1D65}"
EndProject
Project("{8BC9CEB8-8B4A-11D0-8D11-00A0C91BC942}") = "06_calcolo_inflazione", "10-StringheStrutture\06_calcolo_inflazione\06_calcolo_inflazione.vcxproj", "{F7D8321B-D36B-4834-93DB-4A77E531C1BE}"
EndProject
Project("{8BC9CEB8-8B4A-11D0-8D11-00A0C91BC942}") = "07_esercizio_struct_time", "10-StringheStrutture\07_esercizio_struct_time\07_esercizio_struct_time.vcxproj", "{3DED192F-6ACB-44B1-B595-48C322758BAC}"
EndProject
Project("{8BC9CEB8-8B4A-11D0-8D11-00A0C91BC942}") = "08_controllo_prenotazioni", "10-StringheStrutture\08_controllo_prenotazioni\08_controllo_prenotazioni.vcxproj", "{50AE36A7-575B-4954-A9FB-34765658B4C9}"
EndProject
Project("{2150E333-8FDC-42A3-9474-1A3956D46DE8}") = "13-Files", "13-Files", "{E3555104-75CE-4EB8-A38C-E498CE184847}"
EndProject
Project("{8BC9CEB8-8B4A-11D0-8D11-00A0C91BC942}") = "01_prova_apertura_file", "13-Files\01_prova_apertura_file\01_prova_apertura_file.vcxproj", "{833437F5-F848-40DC-848F-87D217582990}"
EndProject
Project("{8BC9CEB8-8B4A-11D0-8D11-00A0C91BC942}") = "02_studenti_tabella", "13-Files\02_studenti_tabella\02_studenti_tabella.vcxproj", "{7CF85344-DD5B-4E1C-A7A2-91F25B020819}"
EndProject
Project("{8BC9CEB8-8B4A-11D0-8D11-00A0C91BC942}") = "09_stampa_ricorsiva", "10-StringheStrutture\09_stampa_ricorsiva\09_stampa_ricorsiva.vcxproj", "{01C73046-E176-40BD-AEEF-3194472C3388}"
EndProject
Project("{8BC9CEB8-8B4A-11D0-8D11-00A0C91BC942}") = "10_stampa_dettaglio", "10-StringheStrutture\10_stampa_dettaglio\10_stampa_dettaglio.vcxproj", "{2D6B3B25-073A-4E11-8C77-2BD062642753}"
EndProject
Project("{8BC9CEB8-8B4A-11D0-8D11-00A0C91BC942}") = "11_stringa_segreta", "10-StringheStrutture\11_stringa_segreta\11_stringa_segreta.vcxproj", "{C1A24508-686B-498E-ABCB-105BC2DAD438}"
EndProject
Project("{8BC9CEB8-8B4A-11D0-8D11-00A0C91BC942}") = "12_da_intero_a_binario_str", "10-StringheStrutture\12_da_intero_a_binario_str\12_da_intero_a_binario_str.vcxproj", "{8E492999-4879-44B8-AE8D-12F8F11AB458}"
EndProject
Project("{8BC9CEB8-8B4A-11D0-8D11-00A0C91BC942}") = "03_programma_per_cinema", "13-Files\03_programma_per_cinema\03_programma_per_cinema.vcxproj", "{6895E2CC-977C-4B76-AF59-8B4B40C9AE24}"
EndProject
Project("{8BC9CEB8-8B4A-11D0-8D11-00A0C91BC942}") = "04_pagamenti_calcolo", "13-Files\04_pagamenti_calcolo\04_pagamenti_calcolo.vcxproj", "{0ACF202C-62CD-4BFA-9A2D-AE61AF354684}"
EndProject
Project("{8BC9CEB8-8B4A-11D0-8D11-00A0C91BC942}") = "05_registratore_cassa", "13-Files\05_registratore_cassa\05_registratore_cassa.vcxproj", "{F94DC10E-7665-4824-9F33-88FE74BF53B5}"
EndProject
Project("{8BC9CEB8-8B4A-11D0-8D11-00A0C91BC942}") = "06_programma_borsa", "13-Files\06_programma_borsa\06_programma_borsa.vcxproj", "{3FD0231B-F385-4A16-A3E5-5DD1B81AB539}"
EndProject
Project("{8BC9CEB8-8B4A-11D0-8D11-00A0C91BC942}") = "07_commerciante_macchina", "13-Files\07_commerciante_macchina\07_commerciante_macchina.vcxproj", "{3AA7DA42-7D8D-4C59-B743-44AC66B17A1A}"
EndProject
Project("{8BC9CEB8-8B4A-11D0-8D11-00A0C91BC942}") = "08_persone_compatibili", "13-Files\08_persone_compatibili\08_persone_compatibili.vcxproj", "{27ACC67E-2B71-486F-8E97-18F24A23F070}"
EndProject
Global
	GlobalSection(SolutionConfigurationPlatforms) = preSolution
		Debug|x64 = Debug|x64
		Debug|x86 = Debug|x86
		Release|x64 = Release|x64
		Release|x86 = Release|x86
	EndGlobalSection
	GlobalSection(ProjectConfigurationPlatforms) = postSolution
		{F73975DA-0863-4EC7-8FBC-90FB76DE70A0}.Debug|x64.ActiveCfg = Debug|x64
		{F73975DA-0863-4EC7-8FBC-90FB76DE70A0}.Debug|x64.Build.0 = Debug|x64
		{F73975DA-0863-4EC7-8FBC-90FB76DE70A0}.Debug|x86.ActiveCfg = Debug|Win32
		{F73975DA-0863-4EC7-8FBC-90FB76DE70A0}.Debug|x86.Build.0 = Debug|Win32
		{F73975DA-0863-4EC7-8FBC-90FB76DE70A0}.Release|x64.ActiveCfg = Release|x64
		{F73975DA-0863-4EC7-8FBC-90FB76DE70A0}.Release|x64.Build.0 = Release|x64
		{F73975DA-0863-4EC7-8FBC-90FB76DE70A0}.Release|x86.ActiveCfg = Release|Win32
		{F73975DA-0863-4EC7-8FBC-90FB76DE70A0}.Release|x86.Build.0 = Release|Win32
		{4C66204F-FFA7-446E-947F-2174E29354DF}.Debug|x64.ActiveCfg = Debug|x64
		{4C66204F-FFA7-446E-947F-2174E29354DF}.Debug|x64.Build.0 = Debug|x64
		{4C66204F-FFA7-446E-947F-2174E29354DF}.Debug|x86.ActiveCfg = Debug|Win32
		{4C66204F-FFA7-446E-947F-2174E29354DF}.Debug|x86.Build.0 = Debug|Win32
		{4C66204F-FFA7-446E-947F-2174E29354DF}.Release|x64.ActiveCfg = Release|x64
		{4C66204F-FFA7-446E-947F-2174E29354DF}.Release|x64.Build.0 = Release|x64
		{4C66204F-FFA7-446E-947F-2174E29354DF}.Release|x86.ActiveCfg = Release|Win32
		{4C66204F-FFA7-446E-947F-2174E29354DF}.Release|x86.Build.0 = Release|Win32
		{4E7956E9-0C08-43CA-B17A-3CDCAE7347A3}.Debug|x64.ActiveCfg = Debug|x64
		{4E7956E9-0C08-43CA-B17A-3CDCAE7347A3}.Debug|x64.Build.0 = Debug|x64
		{4E7956E9-0C08-43CA-B17A-3CDCAE7347A3}.Debug|x86.ActiveCfg = Debug|Win32
		{4E7956E9-0C08-43CA-B17A-3CDCAE7347A3}.Debug|x86.Build.0 = Debug|Win32
		{4E7956E9-0C08-43CA-B17A-3CDCAE7347A3}.Release|x64.ActiveCfg = Release|x64
		{4E7956E9-0C08-43CA-B17A-3CDCAE7347A3}.Release|x64.Build.0 = Release|x64
		{4E7956E9-0C08-43CA-B17A-3CDCAE7347A3}.Release|x86.ActiveCfg = Release|Win32
		{4E7956E9-0C08-43CA-B17A-3CDCAE7347A3}.Release|x86.Build.0 = Release|Win32
		{CEC64D97-A7FD-4A2B-929E-EDEA79C287C7}.Debug|x64.ActiveCfg = Debug|x64
		{CEC64D97-A7FD-4A2B-929E-EDEA79C287C7}.Debug|x64.Build.0 = Debug|x64
		{CEC64D97-A7FD-4A2B-929E-EDEA79C287C7}.Debug|x86.ActiveCfg = Debug|Win32
		{CEC64D97-A7FD-4A2B-929E-EDEA79C287C7}.Debug|x86.Build.0 = Debug|Win32
		{CEC64D97-A7FD-4A2B-929E-EDEA79C287C7}.Release|x64.ActiveCfg = Release|x64
		{CEC64D97-A7FD-4A2B-929E-EDEA79C287C7}.Release|x64.Build.0 = Release|x64
		{CEC64D97-A7FD-4A2B-929E-EDEA79C287C7}.Release|x86.ActiveCfg = Release|Win32
		{CEC64D97-A7FD-4A2B-929E-EDEA79C287C7}.Release|x86.Build.0 = Release|Win32
		{DF089BDE-16CE-4DCB-AB5F-BFF195AD19FD}.Debug|x64.ActiveCfg = Debug|x64
		{DF089BDE-16CE-4DCB-AB5F-BFF195AD19FD}.Debug|x64.Build.0 = Debug|x64
		{DF089BDE-16CE-4DCB-AB5F-BFF195AD19FD}.Debug|x86.ActiveCfg = Debug|Win32
		{DF089BDE-16CE-4DCB-AB5F-BFF195AD19FD}.Debug|x86.Build.0 = Debug|Win32
		{DF089BDE-16CE-4DCB-AB5F-BFF195AD19FD}.Release|x64.ActiveCfg = Release|x64
		{DF089BDE-16CE-4DCB-AB5F-BFF195AD19FD}.Release|x64.Build.0 = Release|x64
		{DF089BDE-16CE-4DCB-AB5F-BFF195AD19FD}.Release|x86.ActiveCfg = Release|Win32
		{DF089BDE-16CE-4DCB-AB5F-BFF195AD19FD}.Release|x86.Build.0 = Release|Win32
		{89718C80-19B8-48EF-BDF6-D9879A3A27AF}.Debug|x64.ActiveCfg = Debug|x64
		{89718C80-19B8-48EF-BDF6-D9879A3A27AF}.Debug|x64.Build.0 = Debug|x64
		{89718C80-19B8-48EF-BDF6-D9879A3A27AF}.Debug|x86.ActiveCfg = Debug|Win32
		{89718C80-19B8-48EF-BDF6-D9879A3A27AF}.Debug|x86.Build.0 = Debug|Win32
		{89718C80-19B8-48EF-BDF6-D9879A3A27AF}.Release|x64.ActiveCfg = Release|x64
		{89718C80-19B8-48EF-BDF6-D9879A3A27AF}.Release|x64.Build.0 = Release|x64
		{89718C80-19B8-48EF-BDF6-D9879A3A27AF}.Release|x86.ActiveCfg = Release|Win32
		{89718C80-19B8-48EF-BDF6-D9879A3A27AF}.Release|x86.Build.0 = Release|Win32
		{63705465-E7F4-4232-9892-309A9EEC531B}.Debug|x64.ActiveCfg = Debug|x64
		{63705465-E7F4-4232-9892-309A9EEC531B}.Debug|x64.Build.0 = Debug|x64
		{63705465-E7F4-4232-9892-309A9EEC531B}.Debug|x86.ActiveCfg = Debug|Win32
		{63705465-E7F4-4232-9892-309A9EEC531B}.Debug|x86.Build.0 = Debug|Win32
		{63705465-E7F4-4232-9892-309A9EEC531B}.Release|x64.ActiveCfg = Release|x64
		{63705465-E7F4-4232-9892-309A9EEC531B}.Release|x64.Build.0 = Release|x64
		{63705465-E7F4-4232-9892-309A9EEC531B}.Release|x86.ActiveCfg = Release|Win32
		{63705465-E7F4-4232-9892-309A9EEC531B}.Release|x86.Build.0 = Release|Win32
		{E9F7EA8D-7185-401F-B0A0-133E53E1C93D}.Debug|x64.ActiveCfg = Debug|x64
		{E9F7EA8D-7185-401F-B0A0-133E53E1C93D}.Debug|x64.Build.0 = Debug|x64
		{E9F7EA8D-7185-401F-B0A0-133E53E1C93D}.Debug|x86.ActiveCfg = Debug|Win32
		{E9F7EA8D-7185-401F-B0A0-133E53E1C93D}.Debug|x86.Build.0 = Debug|Win32
		{E9F7EA8D-7185-401F-B0A0-133E53E1C93D}.Release|x64.ActiveCfg = Release|x64
		{E9F7EA8D-7185-401F-B0A0-133E53E1C93D}.Release|x64.Build.0 = Release|x64
		{E9F7EA8D-7185-401F-B0A0-133E53E1C93D}.Release|x86.ActiveCfg = Release|Win32
		{E9F7EA8D-7185-401F-B0A0-133E53E1C93D}.Release|x86.Build.0 = Release|Win32
		{AD4C0868-EC45-45BF-B983-D8CEE9361ACD}.Debug|x64.ActiveCfg = Debug|x64
		{AD4C0868-EC45-45BF-B983-D8CEE9361ACD}.Debug|x64.Build.0 = Debug|x64
		{AD4C0868-EC45-45BF-B983-D8CEE9361ACD}.Debug|x86.ActiveCfg = Debug|Win32
		{AD4C0868-EC45-45BF-B983-D8CEE9361ACD}.Debug|x86.Build.0 = Debug|Win32
		{AD4C0868-EC45-45BF-B983-D8CEE9361ACD}.Release|x64.ActiveCfg = Release|x64
		{AD4C0868-EC45-45BF-B983-D8CEE9361ACD}.Release|x64.Build.0 = Release|x64
		{AD4C0868-EC45-45BF-B983-D8CEE9361ACD}.Release|x86.ActiveCfg = Release|Win32
		{AD4C0868-EC45-45BF-B983-D8CEE9361ACD}.Release|x86.Build.0 = Release|Win32
		{DB7690B6-ADE8-4428-A40D-474DCB51BE08}.Debug|x64.ActiveCfg = Debug|x64
		{DB7690B6-ADE8-4428-A40D-474DCB51BE08}.Debug|x64.Build.0 = Debug|x64
		{DB7690B6-ADE8-4428-A40D-474DCB51BE08}.Debug|x86.ActiveCfg = Debug|Win32
		{DB7690B6-ADE8-4428-A40D-474DCB51BE08}.Debug|x86.Build.0 = Debug|Win32
		{DB7690B6-ADE8-4428-A40D-474DCB51BE08}.Release|x64.ActiveCfg = Release|x64
		{DB7690B6-ADE8-4428-A40D-474DCB51BE08}.Release|x64.Build.0 = Release|x64
		{DB7690B6-ADE8-4428-A40D-474DCB51BE08}.Release|x86.ActiveCfg = Release|Win32
		{DB7690B6-ADE8-4428-A40D-474DCB51BE08}.Release|x86.Build.0 = Release|Win32
		{4408DB5C-6412-426C-84F6-6C3DBB13462B}.Debug|x64.ActiveCfg = Debug|x64
		{4408DB5C-6412-426C-84F6-6C3DBB13462B}.Debug|x64.Build.0 = Debug|x64
		{4408DB5C-6412-426C-84F6-6C3DBB13462B}.Debug|x86.ActiveCfg = Debug|Win32
		{4408DB5C-6412-426C-84F6-6C3DBB13462B}.Debug|x86.Build.0 = Debug|Win32
		{4408DB5C-6412-426C-84F6-6C3DBB13462B}.Release|x64.ActiveCfg = Release|x64
		{4408DB5C-6412-426C-84F6-6C3DBB13462B}.Release|x64.Build.0 = Release|x64
		{4408DB5C-6412-426C-84F6-6C3DBB13462B}.Release|x86.ActiveCfg = Release|Win32
		{4408DB5C-6412-426C-84F6-6C3DBB13462B}.Release|x86.Build.0 = Release|Win32
		{323B6BF2-CCF7-474F-9D93-1465081AD503}.Debug|x64.ActiveCfg = Debug|x64
		{323B6BF2-CCF7-474F-9D93-1465081AD503}.Debug|x64.Build.0 = Debug|x64
		{323B6BF2-CCF7-474F-9D93-1465081AD503}.Debug|x86.ActiveCfg = Debug|Win32
		{323B6BF2-CCF7-474F-9D93-1465081AD503}.Debug|x86.Build.0 = Debug|Win32
		{323B6BF2-CCF7-474F-9D93-1465081AD503}.Release|x64.ActiveCfg = Release|x64
		{323B6BF2-CCF7-474F-9D93-1465081AD503}.Release|x64.Build.0 = Release|x64
		{323B6BF2-CCF7-474F-9D93-1465081AD503}.Release|x86.ActiveCfg = Release|Win32
		{323B6BF2-CCF7-474F-9D93-1465081AD503}.Release|x86.Build.0 = Release|Win32
		{C2570BFB-7DF9-4A76-8DA3-AAB59EAA72BC}.Debug|x64.ActiveCfg = Debug|x64
		{C2570BFB-7DF9-4A76-8DA3-AAB59EAA72BC}.Debug|x64.Build.0 = Debug|x64
		{C2570BFB-7DF9-4A76-8DA3-AAB59EAA72BC}.Debug|x86.ActiveCfg = Debug|Win32
		{C2570BFB-7DF9-4A76-8DA3-AAB59EAA72BC}.Debug|x86.Build.0 = Debug|Win32
		{C2570BFB-7DF9-4A76-8DA3-AAB59EAA72BC}.Release|x64.ActiveCfg = Release|x64
		{C2570BFB-7DF9-4A76-8DA3-AAB59EAA72BC}.Release|x64.Build.0 = Release|x64
		{C2570BFB-7DF9-4A76-8DA3-AAB59EAA72BC}.Release|x86.ActiveCfg = Release|Win32
		{C2570BFB-7DF9-4A76-8DA3-AAB59EAA72BC}.Release|x86.Build.0 = Release|Win32
		{8767EA49-E8A9-490C-B7F8-359ECC68F8E8}.Debug|x64.ActiveCfg = Debug|x64
		{8767EA49-E8A9-490C-B7F8-359ECC68F8E8}.Debug|x64.Build.0 = Debug|x64
		{8767EA49-E8A9-490C-B7F8-359ECC68F8E8}.Debug|x86.ActiveCfg = Debug|Win32
		{8767EA49-E8A9-490C-B7F8-359ECC68F8E8}.Debug|x86.Build.0 = Debug|Win32
		{8767EA49-E8A9-490C-B7F8-359ECC68F8E8}.Release|x64.ActiveCfg = Release|x64
		{8767EA49-E8A9-490C-B7F8-359ECC68F8E8}.Release|x64.Build.0 = Release|x64
		{8767EA49-E8A9-490C-B7F8-359ECC68F8E8}.Release|x86.ActiveCfg = Release|Win32
		{8767EA49-E8A9-490C-B7F8-359ECC68F8E8}.Release|x86.Build.0 = Release|Win32
		{96EFDDDA-74A3-4EA3-A6BD-60145AF55B23}.Debug|x64.ActiveCfg = Debug|x64
		{96EFDDDA-74A3-4EA3-A6BD-60145AF55B23}.Debug|x64.Build.0 = Debug|x64
		{96EFDDDA-74A3-4EA3-A6BD-60145AF55B23}.Debug|x86.ActiveCfg = Debug|Win32
		{96EFDDDA-74A3-4EA3-A6BD-60145AF55B23}.Debug|x86.Build.0 = Debug|Win32
		{96EFDDDA-74A3-4EA3-A6BD-60145AF55B23}.Release|x64.ActiveCfg = Release|x64
		{96EFDDDA-74A3-4EA3-A6BD-60145AF55B23}.Release|x64.Build.0 = Release|x64
		{96EFDDDA-74A3-4EA3-A6BD-60145AF55B23}.Release|x86.ActiveCfg = Release|Win32
		{96EFDDDA-74A3-4EA3-A6BD-60145AF55B23}.Release|x86.Build.0 = Release|Win32
		{9D799488-86A6-4263-A20D-1576F7D86762}.Debug|x64.ActiveCfg = Debug|x64
		{9D799488-86A6-4263-A20D-1576F7D86762}.Debug|x64.Build.0 = Debug|x64
		{9D799488-86A6-4263-A20D-1576F7D86762}.Debug|x86.ActiveCfg = Debug|Win32
		{9D799488-86A6-4263-A20D-1576F7D86762}.Debug|x86.Build.0 = Debug|Win32
		{9D799488-86A6-4263-A20D-1576F7D86762}.Release|x64.ActiveCfg = Release|x64
		{9D799488-86A6-4263-A20D-1576F7D86762}.Release|x64.Build.0 = Release|x64
		{9D799488-86A6-4263-A20D-1576F7D86762}.Release|x86.ActiveCfg = Release|Win32
		{9D799488-86A6-4263-A20D-1576F7D86762}.Release|x86.Build.0 = Release|Win32
		{F88A7317-A6B3-4553-BC70-E94FC440D513}.Debug|x64.ActiveCfg = Debug|x64
		{F88A7317-A6B3-4553-BC70-E94FC440D513}.Debug|x64.Build.0 = Debug|x64
		{F88A7317-A6B3-4553-BC70-E94FC440D513}.Debug|x86.ActiveCfg = Debug|Win32
		{F88A7317-A6B3-4553-BC70-E94FC440D513}.Debug|x86.Build.0 = Debug|Win32
		{F88A7317-A6B3-4553-BC70-E94FC440D513}.Release|x64.ActiveCfg = Release|x64
		{F88A7317-A6B3-4553-BC70-E94FC440D513}.Release|x64.Build.0 = Release|x64
		{F88A7317-A6B3-4553-BC70-E94FC440D513}.Release|x86.ActiveCfg = Release|Win32
		{F88A7317-A6B3-4553-BC70-E94FC440D513}.Release|x86.Build.0 = Release|Win32
		{222BC268-5EF7-4E2B-BDA4-7C2359D5A2C7}.Debug|x64.ActiveCfg = Debug|x64
		{222BC268-5EF7-4E2B-BDA4-7C2359D5A2C7}.Debug|x64.Build.0 = Debug|x64
		{222BC268-5EF7-4E2B-BDA4-7C2359D5A2C7}.Debug|x86.ActiveCfg = Debug|Win32
		{222BC268-5EF7-4E2B-BDA4-7C2359D5A2C7}.Debug|x86.Build.0 = Debug|Win32
		{222BC268-5EF7-4E2B-BDA4-7C2359D5A2C7}.Release|x64.ActiveCfg = Release|x64
		{222BC268-5EF7-4E2B-BDA4-7C2359D5A2C7}.Release|x64.Build.0 = Release|x64
		{222BC268-5EF7-4E2B-BDA4-7C2359D5A2C7}.Release|x86.ActiveCfg = Release|Win32
		{222BC268-5EF7-4E2B-BDA4-7C2359D5A2C7}.Release|x86.Build.0 = Release|Win32
		{C62271F0-E1DF-4477-B04A-3ED2FBD91F4F}.Debug|x64.ActiveCfg = Debug|x64
		{C62271F0-E1DF-4477-B04A-3ED2FBD91F4F}.Debug|x64.Build.0 = Debug|x64
		{C62271F0-E1DF-4477-B04A-3ED2FBD91F4F}.Debug|x86.ActiveCfg = Debug|Win32
		{C62271F0-E1DF-4477-B04A-3ED2FBD91F4F}.Debug|x86.Build.0 = Debug|Win32
		{C62271F0-E1DF-4477-B04A-3ED2FBD91F4F}.Release|x64.ActiveCfg = Release|x64
		{C62271F0-E1DF-4477-B04A-3ED2FBD91F4F}.Release|x64.Build.0 = Release|x64
		{C62271F0-E1DF-4477-B04A-3ED2FBD91F4F}.Release|x86.ActiveCfg = Release|Win32
		{C62271F0-E1DF-4477-B04A-3ED2FBD91F4F}.Release|x86.Build.0 = Release|Win32
		{4F9C71DE-A86D-41B1-8F45-19E65FF06582}.Debug|x64.ActiveCfg = Debug|x64
		{4F9C71DE-A86D-41B1-8F45-19E65FF06582}.Debug|x64.Build.0 = Debug|x64
		{4F9C71DE-A86D-41B1-8F45-19E65FF06582}.Debug|x86.ActiveCfg = Debug|Win32
		{4F9C71DE-A86D-41B1-8F45-19E65FF06582}.Debug|x86.Build.0 = Debug|Win32
		{4F9C71DE-A86D-41B1-8F45-19E65FF06582}.Release|x64.ActiveCfg = Release|x64
		{4F9C71DE-A86D-41B1-8F45-19E65FF06582}.Release|x64.Build.0 = Release|x64
		{4F9C71DE-A86D-41B1-8F45-19E65FF06582}.Release|x86.ActiveCfg = Release|Win32
		{4F9C71DE-A86D-41B1-8F45-19E65FF06582}.Release|x86.Build.0 = Release|Win32
		{97B0D4C4-4E75-4763-B8DB-570AFD77B1BF}.Debug|x64.ActiveCfg = Debug|x64
		{97B0D4C4-4E75-4763-B8DB-570AFD77B1BF}.Debug|x64.Build.0 = Debug|x64
		{97B0D4C4-4E75-4763-B8DB-570AFD77B1BF}.Debug|x86.ActiveCfg = Debug|Win32
		{97B0D4C4-4E75-4763-B8DB-570AFD77B1BF}.Debug|x86.Build.0 = Debug|Win32
		{97B0D4C4-4E75-4763-B8DB-570AFD77B1BF}.Release|x64.ActiveCfg = Release|x64
		{97B0D4C4-4E75-4763-B8DB-570AFD77B1BF}.Release|x64.Build.0 = Release|x64
		{97B0D4C4-4E75-4763-B8DB-570AFD77B1BF}.Release|x86.ActiveCfg = Release|Win32
		{97B0D4C4-4E75-4763-B8DB-570AFD77B1BF}.Release|x86.Build.0 = Release|Win32
		{308053D6-A800-4524-8264-7D18D138FCE0}.Debug|x64.ActiveCfg = Debug|x64
		{308053D6-A800-4524-8264-7D18D138FCE0}.Debug|x64.Build.0 = Debug|x64
		{308053D6-A800-4524-8264-7D18D138FCE0}.Debug|x86.ActiveCfg = Debug|Win32
		{308053D6-A800-4524-8264-7D18D138FCE0}.Debug|x86.Build.0 = Debug|Win32
		{308053D6-A800-4524-8264-7D18D138FCE0}.Release|x64.ActiveCfg = Release|x64
		{308053D6-A800-4524-8264-7D18D138FCE0}.Release|x64.Build.0 = Release|x64
		{308053D6-A800-4524-8264-7D18D138FCE0}.Release|x86.ActiveCfg = Release|Win32
		{308053D6-A800-4524-8264-7D18D138FCE0}.Release|x86.Build.0 = Release|Win32
		{0A5DDA11-D1AA-44ED-BBD3-93A854AB245E}.Debug|x64.ActiveCfg = Debug|x64
		{0A5DDA11-D1AA-44ED-BBD3-93A854AB245E}.Debug|x64.Build.0 = Debug|x64
		{0A5DDA11-D1AA-44ED-BBD3-93A854AB245E}.Debug|x86.ActiveCfg = Debug|Win32
		{0A5DDA11-D1AA-44ED-BBD3-93A854AB245E}.Debug|x86.Build.0 = Debug|Win32
		{0A5DDA11-D1AA-44ED-BBD3-93A854AB245E}.Release|x64.ActiveCfg = Release|x64
		{0A5DDA11-D1AA-44ED-BBD3-93A854AB245E}.Release|x64.Build.0 = Release|x64
		{0A5DDA11-D1AA-44ED-BBD3-93A854AB245E}.Release|x86.ActiveCfg = Release|Win32
		{0A5DDA11-D1AA-44ED-BBD3-93A854AB245E}.Release|x86.Build.0 = Release|Win32
		{82FFCB8E-9457-4E8C-BC84-23A91B449C6E}.Debug|x64.ActiveCfg = Debug|x64
		{82FFCB8E-9457-4E8C-BC84-23A91B449C6E}.Debug|x64.Build.0 = Debug|x64
		{82FFCB8E-9457-4E8C-BC84-23A91B449C6E}.Debug|x86.ActiveCfg = Debug|Win32
		{82FFCB8E-9457-4E8C-BC84-23A91B449C6E}.Debug|x86.Build.0 = Debug|Win32
		{82FFCB8E-9457-4E8C-BC84-23A91B449C6E}.Release|x64.ActiveCfg = Release|x64
		{82FFCB8E-9457-4E8C-BC84-23A91B449C6E}.Release|x64.Build.0 = Release|x64
		{82FFCB8E-9457-4E8C-BC84-23A91B449C6E}.Release|x86.ActiveCfg = Release|Win32
		{82FFCB8E-9457-4E8C-BC84-23A91B449C6E}.Release|x86.Build.0 = Release|Win32
		{7D502F1B-8D3C-47AF-8BEC-252AF09DF175}.Debug|x64.ActiveCfg = Debug|x64
		{7D502F1B-8D3C-47AF-8BEC-252AF09DF175}.Debug|x64.Build.0 = Debug|x64
		{7D502F1B-8D3C-47AF-8BEC-252AF09DF175}.Debug|x86.ActiveCfg = Debug|Win32
		{7D502F1B-8D3C-47AF-8BEC-252AF09DF175}.Debug|x86.Build.0 = Debug|Win32
		{7D502F1B-8D3C-47AF-8BEC-252AF09DF175}.Release|x64.ActiveCfg = Release|x64
		{7D502F1B-8D3C-47AF-8BEC-252AF09DF175}.Release|x64.Build.0 = Release|x64
		{7D502F1B-8D3C-47AF-8BEC-252AF09DF175}.Release|x86.ActiveCfg = Release|Win32
		{7D502F1B-8D3C-47AF-8BEC-252AF09DF175}.Release|x86.Build.0 = Release|Win32
		{D10B75AE-0E39-4E1B-8E13-9BE5D5594421}.Debug|x64.ActiveCfg = Debug|x64
		{D10B75AE-0E39-4E1B-8E13-9BE5D5594421}.Debug|x64.Build.0 = Debug|x64
		{D10B75AE-0E39-4E1B-8E13-9BE5D5594421}.Debug|x86.ActiveCfg = Debug|Win32
		{D10B75AE-0E39-4E1B-8E13-9BE5D5594421}.Debug|x86.Build.0 = Debug|Win32
		{D10B75AE-0E39-4E1B-8E13-9BE5D5594421}.Release|x64.ActiveCfg = Release|x64
		{D10B75AE-0E39-4E1B-8E13-9BE5D5594421}.Release|x64.Build.0 = Release|x64
		{D10B75AE-0E39-4E1B-8E13-9BE5D5594421}.Release|x86.ActiveCfg = Release|Win32
		{D10B75AE-0E39-4E1B-8E13-9BE5D5594421}.Release|x86.Build.0 = Release|Win32
		{C026189B-1AC7-4701-92FB-400F3FC11F32}.Debug|x64.ActiveCfg = Debug|x64
		{C026189B-1AC7-4701-92FB-400F3FC11F32}.Debug|x64.Build.0 = Debug|x64
		{C026189B-1AC7-4701-92FB-400F3FC11F32}.Debug|x86.ActiveCfg = Debug|Win32
		{C026189B-1AC7-4701-92FB-400F3FC11F32}.Debug|x86.Build.0 = Debug|Win32
		{C026189B-1AC7-4701-92FB-400F3FC11F32}.Release|x64.ActiveCfg = Release|x64
		{C026189B-1AC7-4701-92FB-400F3FC11F32}.Release|x64.Build.0 = Release|x64
		{C026189B-1AC7-4701-92FB-400F3FC11F32}.Release|x86.ActiveCfg = Release|Win32
		{C026189B-1AC7-4701-92FB-400F3FC11F32}.Release|x86.Build.0 = Release|Win32
		{EACD32D5-AF74-4462-AA7C-D1BCF5D67F44}.Debug|x64.ActiveCfg = Debug|x64
		{EACD32D5-AF74-4462-AA7C-D1BCF5D67F44}.Debug|x64.Build.0 = Debug|x64
		{EACD32D5-AF74-4462-AA7C-D1BCF5D67F44}.Debug|x86.ActiveCfg = Debug|Win32
		{EACD32D5-AF74-4462-AA7C-D1BCF5D67F44}.Debug|x86.Build.0 = Debug|Win32
		{EACD32D5-AF74-4462-AA7C-D1BCF5D67F44}.Release|x64.ActiveCfg = Release|x64
		{EACD32D5-AF74-4462-AA7C-D1BCF5D67F44}.Release|x64.Build.0 = Release|x64
		{EACD32D5-AF74-4462-AA7C-D1BCF5D67F44}.Release|x86.ActiveCfg = Release|Win32
		{EACD32D5-AF74-4462-AA7C-D1BCF5D67F44}.Release|x86.Build.0 = Release|Win32
		{6D0331BF-E263-49B2-BEDB-B9828727B510}.Debug|x64.ActiveCfg = Debug|x64
		{6D0331BF-E263-49B2-BEDB-B9828727B510}.Debug|x64.Build.0 = Debug|x64
		{6D0331BF-E263-49B2-BEDB-B9828727B510}.Debug|x86.ActiveCfg = Debug|Win32
		{6D0331BF-E263-49B2-BEDB-B9828727B510}.Debug|x86.Build.0 = Debug|Win32
		{6D0331BF-E263-49B2-BEDB-B9828727B510}.Release|x64.ActiveCfg = Release|x64
		{6D0331BF-E263-49B2-BEDB-B9828727B510}.Release|x64.Build.0 = Release|x64
		{6D0331BF-E263-49B2-BEDB-B9828727B510}.Release|x86.ActiveCfg = Release|Win32
		{6D0331BF-E263-49B2-BEDB-B9828727B510}.Release|x86.Build.0 = Release|Win32
		{776D8358-6217-4CEF-8D58-3726A5C77115}.Debug|x64.ActiveCfg = Debug|x64
		{776D8358-6217-4CEF-8D58-3726A5C77115}.Debug|x64.Build.0 = Debug|x64
		{776D8358-6217-4CEF-8D58-3726A5C77115}.Debug|x86.ActiveCfg = Debug|Win32
		{776D8358-6217-4CEF-8D58-3726A5C77115}.Debug|x86.Build.0 = Debug|Win32
		{776D8358-6217-4CEF-8D58-3726A5C77115}.Release|x64.ActiveCfg = Release|x64
		{776D8358-6217-4CEF-8D58-3726A5C77115}.Release|x64.Build.0 = Release|x64
		{776D8358-6217-4CEF-8D58-3726A5C77115}.Release|x86.ActiveCfg = Release|Win32
		{776D8358-6217-4CEF-8D58-3726A5C77115}.Release|x86.Build.0 = Release|Win32
		{28EAA81C-A3F0-4D7B-9F52-8901B1CE30B5}.Debug|x64.ActiveCfg = Debug|x64
		{28EAA81C-A3F0-4D7B-9F52-8901B1CE30B5}.Debug|x64.Build.0 = Debug|x64
		{28EAA81C-A3F0-4D7B-9F52-8901B1CE30B5}.Debug|x86.ActiveCfg = Debug|Win32
		{28EAA81C-A3F0-4D7B-9F52-8901B1CE30B5}.Debug|x86.Build.0 = Debug|Win32
		{28EAA81C-A3F0-4D7B-9F52-8901B1CE30B5}.Release|x64.ActiveCfg = Release|x64
		{28EAA81C-A3F0-4D7B-9F52-8901B1CE30B5}.Release|x64.Build.0 = Release|x64
		{28EAA81C-A3F0-4D7B-9F52-8901B1CE30B5}.Release|x86.ActiveCfg = Release|Win32
		{28EAA81C-A3F0-4D7B-9F52-8901B1CE30B5}.Release|x86.Build.0 = Release|Win32
		{D6B0B87F-2BA6-45B7-B0B6-0B9EF4101C25}.Debug|x64.ActiveCfg = Debug|x64
		{D6B0B87F-2BA6-45B7-B0B6-0B9EF4101C25}.Debug|x64.Build.0 = Debug|x64
		{D6B0B87F-2BA6-45B7-B0B6-0B9EF4101C25}.Debug|x86.ActiveCfg = Debug|Win32
		{D6B0B87F-2BA6-45B7-B0B6-0B9EF4101C25}.Debug|x86.Build.0 = Debug|Win32
		{D6B0B87F-2BA6-45B7-B0B6-0B9EF4101C25}.Release|x64.ActiveCfg = Release|x64
		{D6B0B87F-2BA6-45B7-B0B6-0B9EF4101C25}.Release|x64.Build.0 = Release|x64
		{D6B0B87F-2BA6-45B7-B0B6-0B9EF4101C25}.Release|x86.ActiveCfg = Release|Win32
		{D6B0B87F-2BA6-45B7-B0B6-0B9EF4101C25}.Release|x86.Build.0 = Release|Win32
		{25CFC575-75B6-4E1C-BCB7-38EE2E58E08E}.Debug|x64.ActiveCfg = Debug|x64
		{25CFC575-75B6-4E1C-BCB7-38EE2E58E08E}.Debug|x64.Build.0 = Debug|x64
		{25CFC575-75B6-4E1C-BCB7-38EE2E58E08E}.Debug|x86.ActiveCfg = Debug|Win32
		{25CFC575-75B6-4E1C-BCB7-38EE2E58E08E}.Debug|x86.Build.0 = Debug|Win32
		{25CFC575-75B6-4E1C-BCB7-38EE2E58E08E}.Release|x64.ActiveCfg = Release|x64
		{25CFC575-75B6-4E1C-BCB7-38EE2E58E08E}.Release|x64.Build.0 = Release|x64
		{25CFC575-75B6-4E1C-BCB7-38EE2E58E08E}.Release|x86.ActiveCfg = Release|Win32
		{25CFC575-75B6-4E1C-BCB7-38EE2E58E08E}.Release|x86.Build.0 = Release|Win32
		{D8F713BA-8982-40CA-A440-1D58A20ADDD1}.Debug|x64.ActiveCfg = Debug|x64
		{D8F713BA-8982-40CA-A440-1D58A20ADDD1}.Debug|x64.Build.0 = Debug|x64
		{D8F713BA-8982-40CA-A440-1D58A20ADDD1}.Debug|x86.ActiveCfg = Debug|Win32
		{D8F713BA-8982-40CA-A440-1D58A20ADDD1}.Debug|x86.Build.0 = Debug|Win32
		{D8F713BA-8982-40CA-A440-1D58A20ADDD1}.Release|x64.ActiveCfg = Release|x64
		{D8F713BA-8982-40CA-A440-1D58A20ADDD1}.Release|x64.Build.0 = Release|x64
		{D8F713BA-8982-40CA-A440-1D58A20ADDD1}.Release|x86.ActiveCfg = Release|Win32
		{D8F713BA-8982-40CA-A440-1D58A20ADDD1}.Release|x86.Build.0 = Release|Win32
		{01DAB2BE-1564-4A97-8B3D-52A173236FD8}.Debug|x64.ActiveCfg = Debug|x64
		{01DAB2BE-1564-4A97-8B3D-52A173236FD8}.Debug|x64.Build.0 = Debug|x64
		{01DAB2BE-1564-4A97-8B3D-52A173236FD8}.Debug|x86.ActiveCfg = Debug|Win32
		{01DAB2BE-1564-4A97-8B3D-52A173236FD8}.Debug|x86.Build.0 = Debug|Win32
		{01DAB2BE-1564-4A97-8B3D-52A173236FD8}.Release|x64.ActiveCfg = Release|x64
		{01DAB2BE-1564-4A97-8B3D-52A173236FD8}.Release|x64.Build.0 = Release|x64
		{01DAB2BE-1564-4A97-8B3D-52A173236FD8}.Release|x86.ActiveCfg = Release|Win32
		{01DAB2BE-1564-4A97-8B3D-52A173236FD8}.Release|x86.Build.0 = Release|Win32
		{9739C7F2-A9EB-48D4-A141-E966A6FF624D}.Debug|x64.ActiveCfg = Debug|x64
		{9739C7F2-A9EB-48D4-A141-E966A6FF624D}.Debug|x64.Build.0 = Debug|x64
		{9739C7F2-A9EB-48D4-A141-E966A6FF624D}.Debug|x86.ActiveCfg = Debug|Win32
		{9739C7F2-A9EB-48D4-A141-E966A6FF624D}.Debug|x86.Build.0 = Debug|Win32
		{9739C7F2-A9EB-48D4-A141-E966A6FF624D}.Release|x64.ActiveCfg = Release|x64
		{9739C7F2-A9EB-48D4-A141-E966A6FF624D}.Release|x64.Build.0 = Release|x64
		{9739C7F2-A9EB-48D4-A141-E966A6FF624D}.Release|x86.ActiveCfg = Release|Win32
		{9739C7F2-A9EB-48D4-A141-E966A6FF624D}.Release|x86.Build.0 = Release|Win32
		{6D9759C4-8E36-4F1C-860A-3E8F05E3D99D}.Debug|x64.ActiveCfg = Debug|x64
		{6D9759C4-8E36-4F1C-860A-3E8F05E3D99D}.Debug|x64.Build.0 = Debug|x64
		{6D9759C4-8E36-4F1C-860A-3E8F05E3D99D}.Debug|x86.ActiveCfg = Debug|Win32
		{6D9759C4-8E36-4F1C-860A-3E8F05E3D99D}.Debug|x86.Build.0 = Debug|Win32
		{6D9759C4-8E36-4F1C-860A-3E8F05E3D99D}.Release|x64.ActiveCfg = Release|x64
		{6D9759C4-8E36-4F1C-860A-3E8F05E3D99D}.Release|x64.Build.0 = Release|x64
		{6D9759C4-8E36-4F1C-860A-3E8F05E3D99D}.Release|x86.ActiveCfg = Release|Win32
		{6D9759C4-8E36-4F1C-860A-3E8F05E3D99D}.Release|x86.Build.0 = Release|Win32
		{E81C8EEB-0B00-4588-A72A-98AF4AF3D99B}.Debug|x64.ActiveCfg = Debug|x64
		{E81C8EEB-0B00-4588-A72A-98AF4AF3D99B}.Debug|x64.Build.0 = Debug|x64
		{E81C8EEB-0B00-4588-A72A-98AF4AF3D99B}.Debug|x86.ActiveCfg = Debug|Win32
		{E81C8EEB-0B00-4588-A72A-98AF4AF3D99B}.Debug|x86.Build.0 = Debug|Win32
		{E81C8EEB-0B00-4588-A72A-98AF4AF3D99B}.Release|x64.ActiveCfg = Release|x64
		{E81C8EEB-0B00-4588-A72A-98AF4AF3D99B}.Release|x64.Build.0 = Release|x64
		{E81C8EEB-0B00-4588-A72A-98AF4AF3D99B}.Release|x86.ActiveCfg = Release|Win32
		{E81C8EEB-0B00-4588-A72A-98AF4AF3D99B}.Release|x86.Build.0 = Release|Win32
		{B5B9E82B-F9B8-4CB0-950D-57786D7EB4D1}.Debug|x64.ActiveCfg = Debug|x64
		{B5B9E82B-F9B8-4CB0-950D-57786D7EB4D1}.Debug|x64.Build.0 = Debug|x64
		{B5B9E82B-F9B8-4CB0-950D-57786D7EB4D1}.Debug|x86.ActiveCfg = Debug|Win32
		{B5B9E82B-F9B8-4CB0-950D-57786D7EB4D1}.Debug|x86.Build.0 = Debug|Win32
		{B5B9E82B-F9B8-4CB0-950D-57786D7EB4D1}.Release|x64.ActiveCfg = Release|x64
		{B5B9E82B-F9B8-4CB0-950D-57786D7EB4D1}.Release|x64.Build.0 = Release|x64
		{B5B9E82B-F9B8-4CB0-950D-57786D7EB4D1}.Release|x86.ActiveCfg = Release|Win32
		{B5B9E82B-F9B8-4CB0-950D-57786D7EB4D1}.Release|x86.Build.0 = Release|Win32
		{1FAB95E0-C2B3-404F-AAE6-493FD29895C1}.Debug|x64.ActiveCfg = Debug|x64
		{1FAB95E0-C2B3-404F-AAE6-493FD29895C1}.Debug|x64.Build.0 = Debug|x64
		{1FAB95E0-C2B3-404F-AAE6-493FD29895C1}.Debug|x86.ActiveCfg = Debug|Win32
		{1FAB95E0-C2B3-404F-AAE6-493FD29895C1}.Debug|x86.Build.0 = Debug|Win32
		{1FAB95E0-C2B3-404F-AAE6-493FD29895C1}.Release|x64.ActiveCfg = Release|x64
		{1FAB95E0-C2B3-404F-AAE6-493FD29895C1}.Release|x64.Build.0 = Release|x64
		{1FAB95E0-C2B3-404F-AAE6-493FD29895C1}.Release|x86.ActiveCfg = Release|Win32
		{1FAB95E0-C2B3-404F-AAE6-493FD29895C1}.Release|x86.Build.0 = Release|Win32
		{D9D0404A-A529-4BF2-8EA8-B96D19134443}.Debug|x64.ActiveCfg = Debug|x64
		{D9D0404A-A529-4BF2-8EA8-B96D19134443}.Debug|x64.Build.0 = Debug|x64
		{D9D0404A-A529-4BF2-8EA8-B96D19134443}.Debug|x86.ActiveCfg = Debug|Win32
		{D9D0404A-A529-4BF2-8EA8-B96D19134443}.Debug|x86.Build.0 = Debug|Win32
		{D9D0404A-A529-4BF2-8EA8-B96D19134443}.Release|x64.ActiveCfg = Release|x64
		{D9D0404A-A529-4BF2-8EA8-B96D19134443}.Release|x64.Build.0 = Release|x64
		{D9D0404A-A529-4BF2-8EA8-B96D19134443}.Release|x86.ActiveCfg = Release|Win32
		{D9D0404A-A529-4BF2-8EA8-B96D19134443}.Release|x86.Build.0 = Release|Win32
		{2870E6A2-2463-453E-B490-A1D0061E2001}.Debug|x64.ActiveCfg = Debug|x64
		{2870E6A2-2463-453E-B490-A1D0061E2001}.Debug|x64.Build.0 = Debug|x64
		{2870E6A2-2463-453E-B490-A1D0061E2001}.Debug|x86.ActiveCfg = Debug|Win32
		{2870E6A2-2463-453E-B490-A1D0061E2001}.Debug|x86.Build.0 = Debug|Win32
		{2870E6A2-2463-453E-B490-A1D0061E2001}.Release|x64.ActiveCfg = Release|x64
		{2870E6A2-2463-453E-B490-A1D0061E2001}.Release|x64.Build.0 = Release|x64
		{2870E6A2-2463-453E-B490-A1D0061E2001}.Release|x86.ActiveCfg = Release|Win32
		{2870E6A2-2463-453E-B490-A1D0061E2001}.Release|x86.Build.0 = Release|Win32
		{6CBBB05E-6B01-4577-A28F-B3A4F3AA4350}.Debug|x64.ActiveCfg = Debug|x64
		{6CBBB05E-6B01-4577-A28F-B3A4F3AA4350}.Debug|x64.Build.0 = Debug|x64
		{6CBBB05E-6B01-4577-A28F-B3A4F3AA4350}.Debug|x86.ActiveCfg = Debug|Win32
		{6CBBB05E-6B01-4577-A28F-B3A4F3AA4350}.Debug|x86.Build.0 = Debug|Win32
		{6CBBB05E-6B01-4577-A28F-B3A4F3AA4350}.Release|x64.ActiveCfg = Release|x64
		{6CBBB05E-6B01-4577-A28F-B3A4F3AA4350}.Release|x64.Build.0 = Release|x64
		{6CBBB05E-6B01-4577-A28F-B3A4F3AA4350}.Release|x86.ActiveCfg = Release|Win32
		{6CBBB05E-6B01-4577-A28F-B3A4F3AA4350}.Release|x86.Build.0 = Release|Win32
		{3DC62603-D0E1-4BEA-9EFD-1B12E01A0501}.Debug|x64.ActiveCfg = Debug|x64
		{3DC62603-D0E1-4BEA-9EFD-1B12E01A0501}.Debug|x64.Build.0 = Debug|x64
		{3DC62603-D0E1-4BEA-9EFD-1B12E01A0501}.Debug|x86.ActiveCfg = Debug|Win32
		{3DC62603-D0E1-4BEA-9EFD-1B12E01A0501}.Debug|x86.Build.0 = Debug|Win32
		{3DC62603-D0E1-4BEA-9EFD-1B12E01A0501}.Release|x64.ActiveCfg = Release|x64
		{3DC62603-D0E1-4BEA-9EFD-1B12E01A0501}.Release|x64.Build.0 = Release|x64
		{3DC62603-D0E1-4BEA-9EFD-1B12E01A0501}.Release|x86.ActiveCfg = Release|Win32
		{3DC62603-D0E1-4BEA-9EFD-1B12E01A0501}.Release|x86.Build.0 = Release|Win32
		{B1D39D42-944A-49B7-8EEE-9630EB42936E}.Debug|x64.ActiveCfg = Debug|x64
		{B1D39D42-944A-49B7-8EEE-9630EB42936E}.Debug|x64.Build.0 = Debug|x64
		{B1D39D42-944A-49B7-8EEE-9630EB42936E}.Debug|x86.ActiveCfg = Debug|Win32
		{B1D39D42-944A-49B7-8EEE-9630EB42936E}.Debug|x86.Build.0 = Debug|Win32
		{B1D39D42-944A-49B7-8EEE-9630EB42936E}.Release|x64.ActiveCfg = Release|x64
		{B1D39D42-944A-49B7-8EEE-9630EB42936E}.Release|x64.Build.0 = Release|x64
		{B1D39D42-944A-49B7-8EEE-9630EB42936E}.Release|x86.ActiveCfg = Release|Win32
		{B1D39D42-944A-49B7-8EEE-9630EB42936E}.Release|x86.Build.0 = Release|Win32
		{768C741D-0019-401B-A77A-8EC621444869}.Debug|x64.ActiveCfg = Debug|x64
		{768C741D-0019-401B-A77A-8EC621444869}.Debug|x64.Build.0 = Debug|x64
		{768C741D-0019-401B-A77A-8EC621444869}.Debug|x86.ActiveCfg = Debug|Win32
		{768C741D-0019-401B-A77A-8EC621444869}.Debug|x86.Build.0 = Debug|Win32
		{768C741D-0019-401B-A77A-8EC621444869}.Release|x64.ActiveCfg = Release|x64
		{768C741D-0019-401B-A77A-8EC621444869}.Release|x64.Build.0 = Release|x64
		{768C741D-0019-401B-A77A-8EC621444869}.Release|x86.ActiveCfg = Release|Win32
		{768C741D-0019-401B-A77A-8EC621444869}.Release|x86.Build.0 = Release|Win32
		{1B03492F-EA55-4F1D-AD43-687FF426273E}.Debug|x64.ActiveCfg = Debug|x64
		{1B03492F-EA55-4F1D-AD43-687FF426273E}.Debug|x64.Build.0 = Debug|x64
		{1B03492F-EA55-4F1D-AD43-687FF426273E}.Debug|x86.ActiveCfg = Debug|Win32
		{1B03492F-EA55-4F1D-AD43-687FF426273E}.Debug|x86.Build.0 = Debug|Win32
		{1B03492F-EA55-4F1D-AD43-687FF426273E}.Release|x64.ActiveCfg = Release|x64
		{1B03492F-EA55-4F1D-AD43-687FF426273E}.Release|x64.Build.0 = Release|x64
		{1B03492F-EA55-4F1D-AD43-687FF426273E}.Release|x86.ActiveCfg = Release|Win32
		{1B03492F-EA55-4F1D-AD43-687FF426273E}.Release|x86.Build.0 = Release|Win32
		{1A027C6C-04F1-4EEF-BC29-708267D01D4A}.Debug|x64.ActiveCfg = Debug|x64
		{1A027C6C-04F1-4EEF-BC29-708267D01D4A}.Debug|x64.Build.0 = Debug|x64
		{1A027C6C-04F1-4EEF-BC29-708267D01D4A}.Debug|x86.ActiveCfg = Debug|Win32
		{1A027C6C-04F1-4EEF-BC29-708267D01D4A}.Debug|x86.Build.0 = Debug|Win32
		{1A027C6C-04F1-4EEF-BC29-708267D01D4A}.Release|x64.ActiveCfg = Release|x64
		{1A027C6C-04F1-4EEF-BC29-708267D01D4A}.Release|x64.Build.0 = Release|x64
		{1A027C6C-04F1-4EEF-BC29-708267D01D4A}.Release|x86.ActiveCfg = Release|Win32
		{1A027C6C-04F1-4EEF-BC29-708267D01D4A}.Release|x86.Build.0 = Release|Win32
		{DFBBD324-2B7A-4643-BEE6-4957EB8773D4}.Debug|x64.ActiveCfg = Debug|x64
		{DFBBD324-2B7A-4643-BEE6-4957EB8773D4}.Debug|x64.Build.0 = Debug|x64
		{DFBBD324-2B7A-4643-BEE6-4957EB8773D4}.Debug|x86.ActiveCfg = Debug|Win32
		{DFBBD324-2B7A-4643-BEE6-4957EB8773D4}.Debug|x86.Build.0 = Debug|Win32
		{DFBBD324-2B7A-4643-BEE6-4957EB8773D4}.Release|x64.ActiveCfg = Release|x64
		{DFBBD324-2B7A-4643-BEE6-4957EB8773D4}.Release|x64.Build.0 = Release|x64
		{DFBBD324-2B7A-4643-BEE6-4957EB8773D4}.Release|x86.ActiveCfg = Release|Win32
		{DFBBD324-2B7A-4643-BEE6-4957EB8773D4}.Release|x86.Build.0 = Release|Win32
		{86B9DA4E-88CD-4525-BEC0-339E15F864F0}.Debug|x64.ActiveCfg = Debug|x64
		{86B9DA4E-88CD-4525-BEC0-339E15F864F0}.Debug|x64.Build.0 = Debug|x64
		{86B9DA4E-88CD-4525-BEC0-339E15F864F0}.Debug|x86.ActiveCfg = Debug|Win32
		{86B9DA4E-88CD-4525-BEC0-339E15F864F0}.Debug|x86.Build.0 = Debug|Win32
		{86B9DA4E-88CD-4525-BEC0-339E15F864F0}.Release|x64.ActiveCfg = Release|x64
		{86B9DA4E-88CD-4525-BEC0-339E15F864F0}.Release|x64.Build.0 = Release|x64
		{86B9DA4E-88CD-4525-BEC0-339E15F864F0}.Release|x86.ActiveCfg = Release|Win32
		{86B9DA4E-88CD-4525-BEC0-339E15F864F0}.Release|x86.Build.0 = Release|Win32
		{13AA296C-A351-48F2-AC58-024CA429C701}.Debug|x64.ActiveCfg = Debug|x64
		{13AA296C-A351-48F2-AC58-024CA429C701}.Debug|x64.Build.0 = Debug|x64
		{13AA296C-A351-48F2-AC58-024CA429C701}.Debug|x86.ActiveCfg = Debug|Win32
		{13AA296C-A351-48F2-AC58-024CA429C701}.Debug|x86.Build.0 = Debug|Win32
		{13AA296C-A351-48F2-AC58-024CA429C701}.Release|x64.ActiveCfg = Release|x64
		{13AA296C-A351-48F2-AC58-024CA429C701}.Release|x64.Build.0 = Release|x64
		{13AA296C-A351-48F2-AC58-024CA429C701}.Release|x86.ActiveCfg = Release|Win32
		{13AA296C-A351-48F2-AC58-024CA429C701}.Release|x86.Build.0 = Release|Win32
		{40897ABB-95C9-4178-BD32-233BCB2E2606}.Debug|x64.ActiveCfg = Debug|x64
		{40897ABB-95C9-4178-BD32-233BCB2E2606}.Debug|x64.Build.0 = Debug|x64
		{40897ABB-95C9-4178-BD32-233BCB2E2606}.Debug|x86.ActiveCfg = Debug|Win32
		{40897ABB-95C9-4178-BD32-233BCB2E2606}.Debug|x86.Build.0 = Debug|Win32
		{40897ABB-95C9-4178-BD32-233BCB2E2606}.Release|x64.ActiveCfg = Release|x64
		{40897ABB-95C9-4178-BD32-233BCB2E2606}.Release|x64.Build.0 = Release|x64
		{40897ABB-95C9-4178-BD32-233BCB2E2606}.Release|x86.ActiveCfg = Release|Win32
		{40897ABB-95C9-4178-BD32-233BCB2E2606}.Release|x86.Build.0 = Release|Win32
		{E6E02011-E799-4CEC-B079-605987A77BEB}.Debug|x64.ActiveCfg = Debug|x64
		{E6E02011-E799-4CEC-B079-605987A77BEB}.Debug|x64.Build.0 = Debug|x64
		{E6E02011-E799-4CEC-B079-605987A77BEB}.Debug|x86.ActiveCfg = Debug|Win32
		{E6E02011-E799-4CEC-B079-605987A77BEB}.Debug|x86.Build.0 = Debug|Win32
		{E6E02011-E799-4CEC-B079-605987A77BEB}.Release|x64.ActiveCfg = Release|x64
		{E6E02011-E799-4CEC-B079-605987A77BEB}.Release|x64.Build.0 = Release|x64
		{E6E02011-E799-4CEC-B079-605987A77BEB}.Release|x86.ActiveCfg = Release|Win32
		{E6E02011-E799-4CEC-B079-605987A77BEB}.Release|x86.Build.0 = Release|Win32
		{DA006BFF-53E9-4AF3-950A-B547B71CD7E2}.Debug|x64.ActiveCfg = Debug|x64
		{DA006BFF-53E9-4AF3-950A-B547B71CD7E2}.Debug|x64.Build.0 = Debug|x64
		{DA006BFF-53E9-4AF3-950A-B547B71CD7E2}.Debug|x86.ActiveCfg = Debug|Win32
		{DA006BFF-53E9-4AF3-950A-B547B71CD7E2}.Debug|x86.Build.0 = Debug|Win32
		{DA006BFF-53E9-4AF3-950A-B547B71CD7E2}.Release|x64.ActiveCfg = Release|x64
		{DA006BFF-53E9-4AF3-950A-B547B71CD7E2}.Release|x64.Build.0 = Release|x64
		{DA006BFF-53E9-4AF3-950A-B547B71CD7E2}.Release|x86.ActiveCfg = Release|Win32
		{DA006BFF-53E9-4AF3-950A-B547B71CD7E2}.Release|x86.Build.0 = Release|Win32
		{27B044FF-D37B-4200-A7D9-C11176E1356A}.Debug|x64.ActiveCfg = Debug|x64
		{27B044FF-D37B-4200-A7D9-C11176E1356A}.Debug|x64.Build.0 = Debug|x64
		{27B044FF-D37B-4200-A7D9-C11176E1356A}.Debug|x86.ActiveCfg = Debug|Win32
		{27B044FF-D37B-4200-A7D9-C11176E1356A}.Debug|x86.Build.0 = Debug|Win32
		{27B044FF-D37B-4200-A7D9-C11176E1356A}.Release|x64.ActiveCfg = Release|x64
		{27B044FF-D37B-4200-A7D9-C11176E1356A}.Release|x64.Build.0 = Release|x64
		{27B044FF-D37B-4200-A7D9-C11176E1356A}.Release|x86.ActiveCfg = Release|Win32
		{27B044FF-D37B-4200-A7D9-C11176E1356A}.Release|x86.Build.0 = Release|Win32
		{6075E6C7-4F90-4CC8-8BF4-D3F6ED32B125}.Debug|x64.ActiveCfg = Debug|x64
		{6075E6C7-4F90-4CC8-8BF4-D3F6ED32B125}.Debug|x64.Build.0 = Debug|x64
		{6075E6C7-4F90-4CC8-8BF4-D3F6ED32B125}.Debug|x86.ActiveCfg = Debug|Win32
		{6075E6C7-4F90-4CC8-8BF4-D3F6ED32B125}.Debug|x86.Build.0 = Debug|Win32
		{6075E6C7-4F90-4CC8-8BF4-D3F6ED32B125}.Release|x64.ActiveCfg = Release|x64
		{6075E6C7-4F90-4CC8-8BF4-D3F6ED32B125}.Release|x64.Build.0 = Release|x64
		{6075E6C7-4F90-4CC8-8BF4-D3F6ED32B125}.Release|x86.ActiveCfg = Release|Win32
		{6075E6C7-4F90-4CC8-8BF4-D3F6ED32B125}.Release|x86.Build.0 = Release|Win32
		{66827AD3-D622-40E1-97B0-9F496DBE2CE6}.Debug|x64.ActiveCfg = Debug|x64
		{66827AD3-D622-40E1-97B0-9F496DBE2CE6}.Debug|x64.Build.0 = Debug|x64
		{66827AD3-D622-40E1-97B0-9F496DBE2CE6}.Debug|x86.ActiveCfg = Debug|Win32
		{66827AD3-D622-40E1-97B0-9F496DBE2CE6}.Debug|x86.Build.0 = Debug|Win32
		{66827AD3-D622-40E1-97B0-9F496DBE2CE6}.Release|x64.ActiveCfg = Release|x64
		{66827AD3-D622-40E1-97B0-9F496DBE2CE6}.Release|x64.Build.0 = Release|x64
		{66827AD3-D622-40E1-97B0-9F496DBE2CE6}.Release|x86.ActiveCfg = Release|Win32
		{66827AD3-D622-40E1-97B0-9F496DBE2CE6}.Release|x86.Build.0 = Release|Win32
		{3CC57A30-117B-453D-823F-92054F53A227}.Debug|x64.ActiveCfg = Debug|x64
		{3CC57A30-117B-453D-823F-92054F53A227}.Debug|x64.Build.0 = Debug|x64
		{3CC57A30-117B-453D-823F-92054F53A227}.Debug|x86.ActiveCfg = Debug|Win32
		{3CC57A30-117B-453D-823F-92054F53A227}.Debug|x86.Build.0 = Debug|Win32
		{3CC57A30-117B-453D-823F-92054F53A227}.Release|x64.ActiveCfg = Release|x64
		{3CC57A30-117B-453D-823F-92054F53A227}.Release|x64.Build.0 = Release|x64
		{3CC57A30-117B-453D-823F-92054F53A227}.Release|x86.ActiveCfg = Release|Win32
		{3CC57A30-117B-453D-823F-92054F53A227}.Release|x86.Build.0 = Release|Win32
		{5E9B25DB-4006-4ECF-8451-FD7779186F1A}.Debug|x64.ActiveCfg = Debug|x64
		{5E9B25DB-4006-4ECF-8451-FD7779186F1A}.Debug|x64.Build.0 = Debug|x64
		{5E9B25DB-4006-4ECF-8451-FD7779186F1A}.Debug|x86.ActiveCfg = Debug|Win32
		{5E9B25DB-4006-4ECF-8451-FD7779186F1A}.Debug|x86.Build.0 = Debug|Win32
		{5E9B25DB-4006-4ECF-8451-FD7779186F1A}.Release|x64.ActiveCfg = Release|x64
		{5E9B25DB-4006-4ECF-8451-FD7779186F1A}.Release|x64.Build.0 = Release|x64
		{5E9B25DB-4006-4ECF-8451-FD7779186F1A}.Release|x86.ActiveCfg = Release|Win32
		{5E9B25DB-4006-4ECF-8451-FD7779186F1A}.Release|x86.Build.0 = Release|Win32
		{F0FED764-36B7-48FD-A835-747F5F25A9ED}.Debug|x64.ActiveCfg = Debug|x64
		{F0FED764-36B7-48FD-A835-747F5F25A9ED}.Debug|x64.Build.0 = Debug|x64
		{F0FED764-36B7-48FD-A835-747F5F25A9ED}.Debug|x86.ActiveCfg = Debug|Win32
		{F0FED764-36B7-48FD-A835-747F5F25A9ED}.Debug|x86.Build.0 = Debug|Win32
		{F0FED764-36B7-48FD-A835-747F5F25A9ED}.Release|x64.ActiveCfg = Release|x64
		{F0FED764-36B7-48FD-A835-747F5F25A9ED}.Release|x64.Build.0 = Release|x64
		{F0FED764-36B7-48FD-A835-747F5F25A9ED}.Release|x86.ActiveCfg = Release|Win32
		{F0FED764-36B7-48FD-A835-747F5F25A9ED}.Release|x86.Build.0 = Release|Win32
		{9B27953D-A2A8-4B7F-BD5B-923F4E50EC9A}.Debug|x64.ActiveCfg = Debug|x64
		{9B27953D-A2A8-4B7F-BD5B-923F4E50EC9A}.Debug|x64.Build.0 = Debug|x64
		{9B27953D-A2A8-4B7F-BD5B-923F4E50EC9A}.Debug|x86.ActiveCfg = Debug|Win32
		{9B27953D-A2A8-4B7F-BD5B-923F4E50EC9A}.Debug|x86.Build.0 = Debug|Win32
		{9B27953D-A2A8-4B7F-BD5B-923F4E50EC9A}.Release|x64.ActiveCfg = Release|x64
		{9B27953D-A2A8-4B7F-BD5B-923F4E50EC9A}.Release|x64.Build.0 = Release|x64
		{9B27953D-A2A8-4B7F-BD5B-923F4E50EC9A}.Release|x86.ActiveCfg = Release|Win32
		{9B27953D-A2A8-4B7F-BD5B-923F4E50EC9A}.Release|x86.Build.0 = Release|Win32
		{AF7440BF-68A9-407C-99A7-C764697D35F4}.Debug|x64.ActiveCfg = Debug|x64
		{AF7440BF-68A9-407C-99A7-C764697D35F4}.Debug|x64.Build.0 = Debug|x64
		{AF7440BF-68A9-407C-99A7-C764697D35F4}.Debug|x86.ActiveCfg = Debug|Win32
		{AF7440BF-68A9-407C-99A7-C764697D35F4}.Debug|x86.Build.0 = Debug|Win32
		{AF7440BF-68A9-407C-99A7-C764697D35F4}.Release|x64.ActiveCfg = Release|x64
		{AF7440BF-68A9-407C-99A7-C764697D35F4}.Release|x64.Build.0 = Release|x64
		{AF7440BF-68A9-407C-99A7-C764697D35F4}.Release|x86.ActiveCfg = Release|Win32
		{AF7440BF-68A9-407C-99A7-C764697D35F4}.Release|x86.Build.0 = Release|Win32
		{F287322F-6E4F-4CF3-9F99-2D319DD40349}.Debug|x64.ActiveCfg = Debug|x64
		{F287322F-6E4F-4CF3-9F99-2D319DD40349}.Debug|x64.Build.0 = Debug|x64
		{F287322F-6E4F-4CF3-9F99-2D319DD40349}.Debug|x86.ActiveCfg = Debug|Win32
		{F287322F-6E4F-4CF3-9F99-2D319DD40349}.Debug|x86.Build.0 = Debug|Win32
		{F287322F-6E4F-4CF3-9F99-2D319DD40349}.Release|x64.ActiveCfg = Release|x64
		{F287322F-6E4F-4CF3-9F99-2D319DD40349}.Release|x64.Build.0 = Release|x64
		{F287322F-6E4F-4CF3-9F99-2D319DD40349}.Release|x86.ActiveCfg = Release|Win32
		{F287322F-6E4F-4CF3-9F99-2D319DD40349}.Release|x86.Build.0 = Release|Win32
		{23954A5E-8618-40AC-AB98-B2BA09E178CF}.Debug|x64.ActiveCfg = Debug|x64
		{23954A5E-8618-40AC-AB98-B2BA09E178CF}.Debug|x64.Build.0 = Debug|x64
		{23954A5E-8618-40AC-AB98-B2BA09E178CF}.Debug|x86.ActiveCfg = Debug|Win32
		{23954A5E-8618-40AC-AB98-B2BA09E178CF}.Debug|x86.Build.0 = Debug|Win32
		{23954A5E-8618-40AC-AB98-B2BA09E178CF}.Release|x64.ActiveCfg = Release|x64
		{23954A5E-8618-40AC-AB98-B2BA09E178CF}.Release|x64.Build.0 = Release|x64
		{23954A5E-8618-40AC-AB98-B2BA09E178CF}.Release|x86.ActiveCfg = Release|Win32
		{23954A5E-8618-40AC-AB98-B2BA09E178CF}.Release|x86.Build.0 = Release|Win32
		{C9E895B6-0D3A-4386-B228-31F2A44F1D65}.Debug|x64.ActiveCfg = Debug|x64
		{C9E895B6-0D3A-4386-B228-31F2A44F1D65}.Debug|x64.Build.0 = Debug|x64
		{C9E895B6-0D3A-4386-B228-31F2A44F1D65}.Debug|x86.ActiveCfg = Debug|Win32
		{C9E895B6-0D3A-4386-B228-31F2A44F1D65}.Debug|x86.Build.0 = Debug|Win32
		{C9E895B6-0D3A-4386-B228-31F2A44F1D65}.Release|x64.ActiveCfg = Release|x64
		{C9E895B6-0D3A-4386-B228-31F2A44F1D65}.Release|x64.Build.0 = Release|x64
		{C9E895B6-0D3A-4386-B228-31F2A44F1D65}.Release|x86.ActiveCfg = Release|Win32
		{C9E895B6-0D3A-4386-B228-31F2A44F1D65}.Release|x86.Build.0 = Release|Win32
		{F7D8321B-D36B-4834-93DB-4A77E531C1BE}.Debug|x64.ActiveCfg = Debug|x64
		{F7D8321B-D36B-4834-93DB-4A77E531C1BE}.Debug|x64.Build.0 = Debug|x64
		{F7D8321B-D36B-4834-93DB-4A77E531C1BE}.Debug|x86.ActiveCfg = Debug|Win32
		{F7D8321B-D36B-4834-93DB-4A77E531C1BE}.Debug|x86.Build.0 = Debug|Win32
		{F7D8321B-D36B-4834-93DB-4A77E531C1BE}.Release|x64.ActiveCfg = Release|x64
		{F7D8321B-D36B-4834-93DB-4A77E531C1BE}.Release|x64.Build.0 = Release|x64
		{F7D8321B-D36B-4834-93DB-4A77E531C1BE}.Release|x86.ActiveCfg = Release|Win32
		{F7D8321B-D36B-4834-93DB-4A77E531C1BE}.Release|x86.Build.0 = Release|Win32
		{3DED192F-6ACB-44B1-B595-48C322758BAC}.Debug|x64.ActiveCfg = Debug|x64
		{3DED192F-6ACB-44B1-B595-48C322758BAC}.Debug|x64.Build.0 = Debug|x64
		{3DED192F-6ACB-44B1-B595-48C322758BAC}.Debug|x86.ActiveCfg = Debug|Win32
		{3DED192F-6ACB-44B1-B595-48C322758BAC}.Debug|x86.Build.0 = Debug|Win32
		{3DED192F-6ACB-44B1-B595-48C322758BAC}.Release|x64.ActiveCfg = Release|x64
		{3DED192F-6ACB-44B1-B595-48C322758BAC}.Release|x64.Build.0 = Release|x64
		{3DED192F-6ACB-44B1-B595-48C322758BAC}.Release|x86.ActiveCfg = Release|Win32
		{3DED192F-6ACB-44B1-B595-48C322758BAC}.Release|x86.Build.0 = Release|Win32
		{50AE36A7-575B-4954-A9FB-34765658B4C9}.Debug|x64.ActiveCfg = Debug|x64
		{50AE36A7-575B-4954-A9FB-34765658B4C9}.Debug|x64.Build.0 = Debug|x64
		{50AE36A7-575B-4954-A9FB-34765658B4C9}.Debug|x86.ActiveCfg = Debug|Win32
		{50AE36A7-575B-4954-A9FB-34765658B4C9}.Debug|x86.Build.0 = Debug|Win32
		{50AE36A7-575B-4954-A9FB-34765658B4C9}.Release|x64.ActiveCfg = Release|x64
		{50AE36A7-575B-4954-A9FB-34765658B4C9}.Release|x64.Build.0 = Release|x64
		{50AE36A7-575B-4954-A9FB-34765658B4C9}.Release|x86.ActiveCfg = Release|Win32
		{50AE36A7-575B-4954-A9FB-34765658B4C9}.Release|x86.Build.0 = Release|Win32
		{833437F5-F848-40DC-848F-87D217582990}.Debug|x64.ActiveCfg = Debug|x64
		{833437F5-F848-40DC-848F-87D217582990}.Debug|x64.Build.0 = Debug|x64
		{833437F5-F848-40DC-848F-87D217582990}.Debug|x86.ActiveCfg = Debug|Win32
		{833437F5-F848-40DC-848F-87D217582990}.Debug|x86.Build.0 = Debug|Win32
		{833437F5-F848-40DC-848F-87D217582990}.Release|x64.ActiveCfg = Release|x64
		{833437F5-F848-40DC-848F-87D217582990}.Release|x64.Build.0 = Release|x64
		{833437F5-F848-40DC-848F-87D217582990}.Release|x86.ActiveCfg = Release|Win32
		{833437F5-F848-40DC-848F-87D217582990}.Release|x86.Build.0 = Release|Win32
		{7CF85344-DD5B-4E1C-A7A2-91F25B020819}.Debug|x64.ActiveCfg = Debug|x64
		{7CF85344-DD5B-4E1C-A7A2-91F25B020819}.Debug|x64.Build.0 = Debug|x64
		{7CF85344-DD5B-4E1C-A7A2-91F25B020819}.Debug|x86.ActiveCfg = Debug|Win32
		{7CF85344-DD5B-4E1C-A7A2-91F25B020819}.Debug|x86.Build.0 = Debug|Win32
		{7CF85344-DD5B-4E1C-A7A2-91F25B020819}.Release|x64.ActiveCfg = Release|x64
		{7CF85344-DD5B-4E1C-A7A2-91F25B020819}.Release|x64.Build.0 = Release|x64
		{7CF85344-DD5B-4E1C-A7A2-91F25B020819}.Release|x86.ActiveCfg = Release|Win32
		{7CF85344-DD5B-4E1C-A7A2-91F25B020819}.Release|x86.Build.0 = Release|Win32
		{01C73046-E176-40BD-AEEF-3194472C3388}.Debug|x64.ActiveCfg = Debug|x64
		{01C73046-E176-40BD-AEEF-3194472C3388}.Debug|x64.Build.0 = Debug|x64
		{01C73046-E176-40BD-AEEF-3194472C3388}.Debug|x86.ActiveCfg = Debug|Win32
		{01C73046-E176-40BD-AEEF-3194472C3388}.Debug|x86.Build.0 = Debug|Win32
		{01C73046-E176-40BD-AEEF-3194472C3388}.Release|x64.ActiveCfg = Release|x64
		{01C73046-E176-40BD-AEEF-3194472C3388}.Release|x64.Build.0 = Release|x64
		{01C73046-E176-40BD-AEEF-3194472C3388}.Release|x86.ActiveCfg = Release|Win32
		{01C73046-E176-40BD-AEEF-3194472C3388}.Release|x86.Build.0 = Release|Win32
		{2D6B3B25-073A-4E11-8C77-2BD062642753}.Debug|x64.ActiveCfg = Debug|x64
		{2D6B3B25-073A-4E11-8C77-2BD062642753}.Debug|x64.Build.0 = Debug|x64
		{2D6B3B25-073A-4E11-8C77-2BD062642753}.Debug|x86.ActiveCfg = Debug|Win32
		{2D6B3B25-073A-4E11-8C77-2BD062642753}.Debug|x86.Build.0 = Debug|Win32
		{2D6B3B25-073A-4E11-8C77-2BD062642753}.Release|x64.ActiveCfg = Release|x64
		{2D6B3B25-073A-4E11-8C77-2BD062642753}.Release|x64.Build.0 = Release|x64
		{2D6B3B25-073A-4E11-8C77-2BD062642753}.Release|x86.ActiveCfg = Release|Win32
		{2D6B3B25-073A-4E11-8C77-2BD062642753}.Release|x86.Build.0 = Release|Win32
		{C1A24508-686B-498E-ABCB-105BC2DAD438}.Debug|x64.ActiveCfg = Debug|x64
		{C1A24508-686B-498E-ABCB-105BC2DAD438}.Debug|x64.Build.0 = Debug|x64
		{C1A24508-686B-498E-ABCB-105BC2DAD438}.Debug|x86.ActiveCfg = Debug|Win32
		{C1A24508-686B-498E-ABCB-105BC2DAD438}.Debug|x86.Build.0 = Debug|Win32
		{C1A24508-686B-498E-ABCB-105BC2DAD438}.Release|x64.ActiveCfg = Release|x64
		{C1A24508-686B-498E-ABCB-105BC2DAD438}.Release|x64.Build.0 = Release|x64
		{C1A24508-686B-498E-ABCB-105BC2DAD438}.Release|x86.ActiveCfg = Release|Win32
		{C1A24508-686B-498E-ABCB-105BC2DAD438}.Release|x86.Build.0 = Release|Win32
		{8E492999-4879-44B8-AE8D-12F8F11AB458}.Debug|x64.ActiveCfg = Debug|x64
		{8E492999-4879-44B8-AE8D-12F8F11AB458}.Debug|x64.Build.0 = Debug|x64
		{8E492999-4879-44B8-AE8D-12F8F11AB458}.Debug|x86.ActiveCfg = Debug|Win32
		{8E492999-4879-44B8-AE8D-12F8F11AB458}.Debug|x86.Build.0 = Debug|Win32
		{8E492999-4879-44B8-AE8D-12F8F11AB458}.Release|x64.ActiveCfg = Release|x64
		{8E492999-4879-44B8-AE8D-12F8F11AB458}.Release|x64.Build.0 = Release|x64
		{8E492999-4879-44B8-AE8D-12F8F11AB458}.Release|x86.ActiveCfg = Release|Win32
		{8E492999-4879-44B8-AE8D-12F8F11AB458}.Release|x86.Build.0 = Release|Win32
		{6895E2CC-977C-4B76-AF59-8B4B40C9AE24}.Debug|x64.ActiveCfg = Debug|x64
		{6895E2CC-977C-4B76-AF59-8B4B40C9AE24}.Debug|x64.Build.0 = Debug|x64
		{6895E2CC-977C-4B76-AF59-8B4B40C9AE24}.Debug|x86.ActiveCfg = Debug|Win32
		{6895E2CC-977C-4B76-AF59-8B4B40C9AE24}.Debug|x86.Build.0 = Debug|Win32
		{6895E2CC-977C-4B76-AF59-8B4B40C9AE24}.Release|x64.ActiveCfg = Release|x64
		{6895E2CC-977C-4B76-AF59-8B4B40C9AE24}.Release|x64.Build.0 = Release|x64
		{6895E2CC-977C-4B76-AF59-8B4B40C9AE24}.Release|x86.ActiveCfg = Release|Win32
		{6895E2CC-977C-4B76-AF59-8B4B40C9AE24}.Release|x86.Build.0 = Release|Win32
		{0ACF202C-62CD-4BFA-9A2D-AE61AF354684}.Debug|x64.ActiveCfg = Debug|x64
		{0ACF202C-62CD-4BFA-9A2D-AE61AF354684}.Debug|x64.Build.0 = Debug|x64
		{0ACF202C-62CD-4BFA-9A2D-AE61AF354684}.Debug|x86.ActiveCfg = Debug|Win32
		{0ACF202C-62CD-4BFA-9A2D-AE61AF354684}.Debug|x86.Build.0 = Debug|Win32
		{0ACF202C-62CD-4BFA-9A2D-AE61AF354684}.Release|x64.ActiveCfg = Release|x64
		{0ACF202C-62CD-4BFA-9A2D-AE61AF354684}.Release|x64.Build.0 = Release|x64
		{0ACF202C-62CD-4BFA-9A2D-AE61AF354684}.Release|x86.ActiveCfg = Release|Win32
		{0ACF202C-62CD-4BFA-9A2D-AE61AF354684}.Release|x86.Build.0 = Release|Win32
		{F94DC10E-7665-4824-9F33-88FE74BF53B5}.Debug|x64.ActiveCfg = Debug|x64
		{F94DC10E-7665-4824-9F33-88FE74BF53B5}.Debug|x64.Build.0 = Debug|x64
		{F94DC10E-7665-4824-9F33-88FE74BF53B5}.Debug|x86.ActiveCfg = Debug|Win32
		{F94DC10E-7665-4824-9F33-88FE74BF53B5}.Debug|x86.Build.0 = Debug|Win32
		{F94DC10E-7665-4824-9F33-88FE74BF53B5}.Release|x64.ActiveCfg = Release|x64
		{F94DC10E-7665-4824-9F33-88FE74BF53B5}.Release|x64.Build.0 = Release|x64
		{F94DC10E-7665-4824-9F33-88FE74BF53B5}.Release|x86.ActiveCfg = Release|Win32
		{F94DC10E-7665-4824-9F33-88FE74BF53B5}.Release|x86.Build.0 = Release|Win32
		{3FD0231B-F385-4A16-A3E5-5DD1B81AB539}.Debug|x64.ActiveCfg = Debug|x64
		{3FD0231B-F385-4A16-A3E5-5DD1B81AB539}.Debug|x64.Build.0 = Debug|x64
		{3FD0231B-F385-4A16-A3E5-5DD1B81AB539}.Debug|x86.ActiveCfg = Debug|Win32
		{3FD0231B-F385-4A16-A3E5-5DD1B81AB539}.Debug|x86.Build.0 = Debug|Win32
		{3FD0231B-F385-4A16-A3E5-5DD1B81AB539}.Release|x64.ActiveCfg = Release|x64
		{3FD0231B-F385-4A16-A3E5-5DD1B81AB539}.Release|x64.Build.0 = Release|x64
		{3FD0231B-F385-4A16-A3E5-5DD1B81AB539}.Release|x86.ActiveCfg = Release|Win32
		{3FD0231B-F385-4A16-A3E5-5DD1B81AB539}.Release|x86.Build.0 = Release|Win32
		{3AA7DA42-7D8D-4C59-B743-44AC66B17A1A}.Debug|x64.ActiveCfg = Debug|x64
		{3AA7DA42-7D8D-4C59-B743-44AC66B17A1A}.Debug|x64.Build.0 = Debug|x64
		{3AA7DA42-7D8D-4C59-B743-44AC66B17A1A}.Debug|x86.ActiveCfg = Debug|Win32
		{3AA7DA42-7D8D-4C59-B743-44AC66B17A1A}.Debug|x86.Build.0 = Debug|Win32
		{3AA7DA42-7D8D-4C59-B743-44AC66B17A1A}.Release|x64.ActiveCfg = Release|x64
		{3AA7DA42-7D8D-4C59-B743-44AC66B17A1A}.Release|x64.Build.0 = Release|x64
		{3AA7DA42-7D8D-4C59-B743-44AC66B17A1A}.Release|x86.ActiveCfg = Release|Win32
		{3AA7DA42-7D8D-4C59-B743-44AC66B17A1A}.Release|x86.Build.0 = Release|Win32
		{27ACC67E-2B71-486F-8E97-18F24A23F070}.Debug|x64.ActiveCfg = Debug|x64
		{27ACC67E-2B71-486F-8E97-18F24A23F070}.Debug|x64.Build.0 = Debug|x64
		{27ACC67E-2B71-486F-8E97-18F24A23F070}.Debug|x86.ActiveCfg = Debug|Win32
		{27ACC67E-2B71-486F-8E97-18F24A23F070}.Debug|x86.Build.0 = Debug|Win32
		{27ACC67E-2B71-486F-8E97-18F24A23F070}.Release|x64.ActiveCfg = Release|x64
		{27ACC67E-2B71-486F-8E97-18F24A23F070}.Release|x64.Build.0 = Release|x64
		{27ACC67E-2B71-486F-8E97-18F24A23F070}.Release|x86.ActiveCfg = Release|Win32
		{27ACC67E-2B71-486F-8E97-18F24A23F070}.Release|x86.Build.0 = Release|Win32
	EndGlobalSection
	GlobalSection(SolutionProperties) = preSolution
		HideSolutionNode = FALSE
	EndGlobalSection
	GlobalSection(NestedProjects) = preSolution
		{F73975DA-0863-4EC7-8FBC-90FB76DE70A0} = {21B19208-972D-45A4-B8E9-F827A367E812}
		{4C66204F-FFA7-446E-947F-2174E29354DF} = {21B19208-972D-45A4-B8E9-F827A367E812}
		{4E7956E9-0C08-43CA-B17A-3CDCAE7347A3} = {21B19208-972D-45A4-B8E9-F827A367E812}
		{CEC64D97-A7FD-4A2B-929E-EDEA79C287C7} = {21B19208-972D-45A4-B8E9-F827A367E812}
		{DF089BDE-16CE-4DCB-AB5F-BFF195AD19FD} = {21B19208-972D-45A4-B8E9-F827A367E812}
		{89718C80-19B8-48EF-BDF6-D9879A3A27AF} = {21B19208-972D-45A4-B8E9-F827A367E812}
		{63705465-E7F4-4232-9892-309A9EEC531B} = {D209DA74-A61A-482B-8B5A-53ECAC6BF771}
		{E9F7EA8D-7185-401F-B0A0-133E53E1C93D} = {D209DA74-A61A-482B-8B5A-53ECAC6BF771}
		{AD4C0868-EC45-45BF-B983-D8CEE9361ACD} = {D209DA74-A61A-482B-8B5A-53ECAC6BF771}
		{DB7690B6-ADE8-4428-A40D-474DCB51BE08} = {D209DA74-A61A-482B-8B5A-53ECAC6BF771}
		{4408DB5C-6412-426C-84F6-6C3DBB13462B} = {D209DA74-A61A-482B-8B5A-53ECAC6BF771}
		{323B6BF2-CCF7-474F-9D93-1465081AD503} = {D209DA74-A61A-482B-8B5A-53ECAC6BF771}
		{C2570BFB-7DF9-4A76-8DA3-AAB59EAA72BC} = {D209DA74-A61A-482B-8B5A-53ECAC6BF771}
		{8767EA49-E8A9-490C-B7F8-359ECC68F8E8} = {D209DA74-A61A-482B-8B5A-53ECAC6BF771}
		{96EFDDDA-74A3-4EA3-A6BD-60145AF55B23} = {830103AE-9AE4-4D0C-9141-C4574781DFE6}
		{F88A7317-A6B3-4553-BC70-E94FC440D513} = {830103AE-9AE4-4D0C-9141-C4574781DFE6}
		{222BC268-5EF7-4E2B-BDA4-7C2359D5A2C7} = {830103AE-9AE4-4D0C-9141-C4574781DFE6}
		{C62271F0-E1DF-4477-B04A-3ED2FBD91F4F} = {830103AE-9AE4-4D0C-9141-C4574781DFE6}
		{4F9C71DE-A86D-41B1-8F45-19E65FF06582} = {830103AE-9AE4-4D0C-9141-C4574781DFE6}
		{97B0D4C4-4E75-4763-B8DB-570AFD77B1BF} = {830103AE-9AE4-4D0C-9141-C4574781DFE6}
		{308053D6-A800-4524-8264-7D18D138FCE0} = {830103AE-9AE4-4D0C-9141-C4574781DFE6}
		{0A5DDA11-D1AA-44ED-BBD3-93A854AB245E} = {830103AE-9AE4-4D0C-9141-C4574781DFE6}
		{82FFCB8E-9457-4E8C-BC84-23A91B449C6E} = {830103AE-9AE4-4D0C-9141-C4574781DFE6}
		{7D502F1B-8D3C-47AF-8BEC-252AF09DF175} = {830103AE-9AE4-4D0C-9141-C4574781DFE6}
		{D10B75AE-0E39-4E1B-8E13-9BE5D5594421} = {830103AE-9AE4-4D0C-9141-C4574781DFE6}
		{C026189B-1AC7-4701-92FB-400F3FC11F32} = {830103AE-9AE4-4D0C-9141-C4574781DFE6}
		{EACD32D5-AF74-4462-AA7C-D1BCF5D67F44} = {830103AE-9AE4-4D0C-9141-C4574781DFE6}
		{6D0331BF-E263-49B2-BEDB-B9828727B510} = {830103AE-9AE4-4D0C-9141-C4574781DFE6}
		{776D8358-6217-4CEF-8D58-3726A5C77115} = {830103AE-9AE4-4D0C-9141-C4574781DFE6}
		{D6B0B87F-2BA6-45B7-B0B6-0B9EF4101C25} = {235CBAB8-65A3-4330-A8AC-4A439089F9B2}
		{25CFC575-75B6-4E1C-BCB7-38EE2E58E08E} = {F83C269D-A279-431E-A21C-41134315C23D}
		{D8F713BA-8982-40CA-A440-1D58A20ADDD1} = {F83C269D-A279-431E-A21C-41134315C23D}
		{01DAB2BE-1564-4A97-8B3D-52A173236FD8} = {F83C269D-A279-431E-A21C-41134315C23D}
		{9739C7F2-A9EB-48D4-A141-E966A6FF624D} = {F83C269D-A279-431E-A21C-41134315C23D}
		{6D9759C4-8E36-4F1C-860A-3E8F05E3D99D} = {F83C269D-A279-431E-A21C-41134315C23D}
		{E81C8EEB-0B00-4588-A72A-98AF4AF3D99B} = {F83C269D-A279-431E-A21C-41134315C23D}
		{B5B9E82B-F9B8-4CB0-950D-57786D7EB4D1} = {F83C269D-A279-431E-A21C-41134315C23D}
		{1FAB95E0-C2B3-404F-AAE6-493FD29895C1} = {F83C269D-A279-431E-A21C-41134315C23D}
		{D9D0404A-A529-4BF2-8EA8-B96D19134443} = {F83C269D-A279-431E-A21C-41134315C23D}
		{2870E6A2-2463-453E-B490-A1D0061E2001} = {F83C269D-A279-431E-A21C-41134315C23D}
		{6CBBB05E-6B01-4577-A28F-B3A4F3AA4350} = {F83C269D-A279-431E-A21C-41134315C23D}
		{3DC62603-D0E1-4BEA-9EFD-1B12E01A0501} = {BAF8BAAC-7AC3-42A7-A24B-C5D410D2205B}
		{B1D39D42-944A-49B7-8EEE-9630EB42936E} = {BAF8BAAC-7AC3-42A7-A24B-C5D410D2205B}
		{768C741D-0019-401B-A77A-8EC621444869} = {BAF8BAAC-7AC3-42A7-A24B-C5D410D2205B}
		{1B03492F-EA55-4F1D-AD43-687FF426273E} = {BAF8BAAC-7AC3-42A7-A24B-C5D410D2205B}
		{1A027C6C-04F1-4EEF-BC29-708267D01D4A} = {BAF8BAAC-7AC3-42A7-A24B-C5D410D2205B}
		{DFBBD324-2B7A-4643-BEE6-4957EB8773D4} = {BAF8BAAC-7AC3-42A7-A24B-C5D410D2205B}
		{86B9DA4E-88CD-4525-BEC0-339E15F864F0} = {BAF8BAAC-7AC3-42A7-A24B-C5D410D2205B}
		{13AA296C-A351-48F2-AC58-024CA429C701} = {BAF8BAAC-7AC3-42A7-A24B-C5D410D2205B}
		{40897ABB-95C9-4178-BD32-233BCB2E2606} = {BAF8BAAC-7AC3-42A7-A24B-C5D410D2205B}
		{E6E02011-E799-4CEC-B079-605987A77BEB} = {DE4B082C-F33F-4035-A3B1-3414CA63B1B4}
		{DA006BFF-53E9-4AF3-950A-B547B71CD7E2} = {DE4B082C-F33F-4035-A3B1-3414CA63B1B4}
		{27B044FF-D37B-4200-A7D9-C11176E1356A} = {DE4B082C-F33F-4035-A3B1-3414CA63B1B4}
		{6075E6C7-4F90-4CC8-8BF4-D3F6ED32B125} = {DE4B082C-F33F-4035-A3B1-3414CA63B1B4}
		{66827AD3-D622-40E1-97B0-9F496DBE2CE6} = {DE4B082C-F33F-4035-A3B1-3414CA63B1B4}
		{3CC57A30-117B-453D-823F-92054F53A227} = {DE4B082C-F33F-4035-A3B1-3414CA63B1B4}
		{5E9B25DB-4006-4ECF-8451-FD7779186F1A} = {DE4B082C-F33F-4035-A3B1-3414CA63B1B4}
		{F0FED764-36B7-48FD-A835-747F5F25A9ED} = {DE4B082C-F33F-4035-A3B1-3414CA63B1B4}
		{9B27953D-A2A8-4B7F-BD5B-923F4E50EC9A} = {DE4B082C-F33F-4035-A3B1-3414CA63B1B4}
		{AF7440BF-68A9-407C-99A7-C764697D35F4} = {DE4B082C-F33F-4035-A3B1-3414CA63B1B4}
		{F287322F-6E4F-4CF3-9F99-2D319DD40349} = {DE4B082C-F33F-4035-A3B1-3414CA63B1B4}
		{23954A5E-8618-40AC-AB98-B2BA09E178CF} = {2584C2EA-1CAE-43F4-8627-A54B8A962502}
		{C9E895B6-0D3A-4386-B228-31F2A44F1D65} = {2584C2EA-1CAE-43F4-8627-A54B8A962502}
		{F7D8321B-D36B-4834-93DB-4A77E531C1BE} = {2584C2EA-1CAE-43F4-8627-A54B8A962502}
		{3DED192F-6ACB-44B1-B595-48C322758BAC} = {2584C2EA-1CAE-43F4-8627-A54B8A962502}
		{50AE36A7-575B-4954-A9FB-34765658B4C9} = {2584C2EA-1CAE-43F4-8627-A54B8A962502}
		{833437F5-F848-40DC-848F-87D217582990} = {E3555104-75CE-4EB8-A38C-E498CE184847}
		{7CF85344-DD5B-4E1C-A7A2-91F25B020819} = {E3555104-75CE-4EB8-A38C-E498CE184847}
		{01C73046-E176-40BD-AEEF-3194472C3388} = {2584C2EA-1CAE-43F4-8627-A54B8A962502}
		{2D6B3B25-073A-4E11-8C77-2BD062642753} = {2584C2EA-1CAE-43F4-8627-A54B8A962502}
		{C1A24508-686B-498E-ABCB-105BC2DAD438} = {2584C2EA-1CAE-43F4-8627-A54B8A962502}
		{8E492999-4879-44B8-AE8D-12F8F11AB458} = {2584C2EA-1CAE-43F4-8627-A54B8A962502}
		{6895E2CC-977C-4B76-AF59-8B4B40C9AE24} = {E3555104-75CE-4EB8-A38C-E498CE184847}
		{0ACF202C-62CD-4BFA-9A2D-AE61AF354684} = {E3555104-75CE-4EB8-A38C-E498CE184847}
		{F94DC10E-7665-4824-9F33-88FE74BF53B5} = {E3555104-75CE-4EB8-A38C-E498CE184847}
		{3FD0231B-F385-4A16-A3E5-5DD1B81AB539} = {E3555104-75CE-4EB8-A38C-E498CE184847}
		{3AA7DA42-7D8D-4C59-B743-44AC66B17A1A} = {E3555104-75CE-4EB8-A38C-E498CE184847}
		{27ACC67E-2B71-486F-8E97-18F24A23F070} = {E3555104-75CE-4EB8-A38C-E498CE184847}
	EndGlobalSection
	GlobalSection(ExtensibilityGlobals) = postSolution
		SolutionGuid = {7D4FB4E4-A4A1-471A-80D3-D5BC8820BE7F}
	EndGlobalSection
EndGlobal
